// !$*UTF8*$!
{
	archiveVersion = 1;
	classes = {
	};
	objectVersion = 48;
	objects = {

/* Begin PBXBuildFile section */
		763D1B1220FDF5D70041B49E /* LwspManager.swift in Sources */ = {isa = PBXBuildFile; fileRef = 763D1B1120FDF5D70041B49E /* LwspManager.swift */; };
		763D1B242100C69D0041B49E /* CoreAAM_Manager.swift in Sources */ = {isa = PBXBuildFile; fileRef = 763D1B232100C69D0041B49E /* CoreAAM_Manager.swift */; };
		763D1B312100C6CE0041B49E /* LocalAAM_Manager.swift in Sources */ = {isa = PBXBuildFile; fileRef = 763D1B302100C6CE0041B49E /* LocalAAM_Manager.swift */; };
		7666D15720E4F74800340DE6 /* SecuritySSP.h in Headers */ = {isa = PBXBuildFile; fileRef = 7666D15520E4F74800340DE6 /* SecuritySSP.h */; settings = {ATTRIBUTES = (Public, ); }; };
		76E28BF620EF79B7005E62D3 /* SHA256.swift in Sources */ = {isa = PBXBuildFile; fileRef = 76E28BF420EF79B7005E62D3 /* SHA256.swift */; };
		76E28BF720EF79B7005E62D3 /* EllipticCurveKeyPair.swift in Sources */ = {isa = PBXBuildFile; fileRef = 76E28BF520EF79B7005E62D3 /* EllipticCurveKeyPair.swift */; };
		76E28C1D20EF9E2E005E62D3 /* CsrSsp.swift in Sources */ = {isa = PBXBuildFile; fileRef = 76E28C1C20EF9E2E005E62D3 /* CsrSsp.swift */; };
		76E28C2220EF9F9D005E62D3 /* CertificateSigningRequestSwift.framework in Frameworks */ = {isa = PBXBuildFile; fileRef = 76E28C1120EF9C5A005E62D3 /* CertificateSigningRequestSwift.framework */; };
		76F98A2D20E5152B00C68BAE /* GuestTokensManager.swift in Sources */ = {isa = PBXBuildFile; fileRef = 76F98A2C20E5152B00C68BAE /* GuestTokensManager.swift */; };
		76F98A4020E66B3C00C68BAE /* GlobalSettings.swift in Sources */ = {isa = PBXBuildFile; fileRef = 76F98A3A20E66B3C00C68BAE /* GlobalSettings.swift */; };
		76F98A4220E66B3C00C68BAE /* Logger.swift in Sources */ = {isa = PBXBuildFile; fileRef = 76F98A3C20E66B3C00C68BAE /* Logger.swift */; };
		76F98A4920E66C9D00C68BAE /* NotificationCenter+names.swift in Sources */ = {isa = PBXBuildFile; fileRef = 76F98A4820E66C9D00C68BAE /* NotificationCenter+names.swift */; };
		76F98A4B20E66CA100C68BAE /* NotificationInfo.swift in Sources */ = {isa = PBXBuildFile; fileRef = 76F98A4A20E66CA100C68BAE /* NotificationInfo.swift */; };
		F5AA702E04F90250F3F42508 /* Pods_SecuritySSP.framework in Frameworks */ = {isa = PBXBuildFile; fileRef = 4F4A44BAB5D3D257A575047B /* Pods_SecuritySSP.framework */; };
/* End PBXBuildFile section */

/* Begin PBXContainerItemProxy section */
		76E28BE220EE5ABC005E62D3 /* PBXContainerItemProxy */ = {
			isa = PBXContainerItemProxy;
			containerPortal = 76E28BD720EE5ABC005E62D3 /* Pods.xcodeproj */;
			proxyType = 2;
			remoteGlobalIDString = E28BC6F55D66A8FF3E36FD1487CDDF49;
			remoteInfo = AsyncSwift;
		};
		76E28BE420EE5ABC005E62D3 /* PBXContainerItemProxy */ = {
			isa = PBXContainerItemProxy;
			containerPortal = 76E28BD720EE5ABC005E62D3 /* Pods.xcodeproj */;
			proxyType = 2;
			remoteGlobalIDString = DC177A25C382E662AB7DE79FC63E3E19;
			remoteInfo = Charts;
		};
		76E28BE620EE5ABC005E62D3 /* PBXContainerItemProxy */ = {
			isa = PBXContainerItemProxy;
			containerPortal = 76E28BD720EE5ABC005E62D3 /* Pods.xcodeproj */;
			proxyType = 2;
			remoteGlobalIDString = 10A4BEB0A83D753A20BBE67E3988E0F6;
			remoteInfo = DrawerController;
		};
		76E28BE820EE5ABC005E62D3 /* PBXContainerItemProxy */ = {
			isa = PBXContainerItemProxy;
			containerPortal = 76E28BD720EE5ABC005E62D3 /* Pods.xcodeproj */;
			proxyType = 2;
			remoteGlobalIDString = C85275ED327A0B1119CA0B04B7370915;
			remoteInfo = "Pods-SecuritySSP";
		};
		76E28BEA20EE5ABC005E62D3 /* PBXContainerItemProxy */ = {
			isa = PBXContainerItemProxy;
			containerPortal = 76E28BD720EE5ABC005E62D3 /* Pods.xcodeproj */;
			proxyType = 2;
			remoteGlobalIDString = EE286DE0C13AD485F230A8E4EF3E5A60;
			remoteInfo = "Pods-SSPApp";
		};
		76E28BEC20EE5ABC005E62D3 /* PBXContainerItemProxy */ = {
			isa = PBXContainerItemProxy;
			containerPortal = 76E28BD720EE5ABC005E62D3 /* Pods.xcodeproj */;
			proxyType = 2;
			remoteGlobalIDString = 07E1013FB8D58E1F06CF6BD95B826976;
			remoteInfo = "Pods-SymAgent";
		};
		76E28BEE20EE5ABC005E62D3 /* PBXContainerItemProxy */ = {
			isa = PBXContainerItemProxy;
			containerPortal = 76E28BD720EE5ABC005E62D3 /* Pods.xcodeproj */;
			proxyType = 2;
			remoteGlobalIDString = 7D6910BED13EFDB15C41951149A3D736;
			remoteInfo = SensingKit;
		};
		76E28BF020EE5ABC005E62D3 /* PBXContainerItemProxy */ = {
			isa = PBXContainerItemProxy;
			containerPortal = 76E28BD720EE5ABC005E62D3 /* Pods.xcodeproj */;
			proxyType = 2;
			remoteGlobalIDString = 1FA41621AC3A009F4C76C1F6E3167DCC;
			remoteInfo = SwiftyJSON;
		};
		76E28C1020EF9C5A005E62D3 /* PBXContainerItemProxy */ = {
			isa = PBXContainerItemProxy;
			containerPortal = 76E28C0B20EF9C5A005E62D3 /* CertificateSigningRequestSwift.xcodeproj */;
			proxyType = 2;
			remoteGlobalIDString = 917B68861DD0F4FD00AE5629;
			remoteInfo = CertificateSigningRequestSwift;
		};
		76E28C1220EF9C5A005E62D3 /* PBXContainerItemProxy */ = {
			isa = PBXContainerItemProxy;
			containerPortal = 76E28C0B20EF9C5A005E62D3 /* CertificateSigningRequestSwift.xcodeproj */;
			proxyType = 2;
			remoteGlobalIDString = 917B688F1DD0F4FD00AE5629;
			remoteInfo = CertificateSigningRequestSwiftTests;
		};
/* End PBXContainerItemProxy section */

/* Begin PBXFileReference section */
		4F4A44BAB5D3D257A575047B /* Pods_SecuritySSP.framework */ = {isa = PBXFileReference; explicitFileType = wrapper.framework; includeInIndex = 0; path = Pods_SecuritySSP.framework; sourceTree = BUILT_PRODUCTS_DIR; };
		5C2C04C35FBBFFA33988E224 /* Pods-SecuritySSP.release.xcconfig */ = {isa = PBXFileReference; includeInIndex = 1; lastKnownFileType = text.xcconfig; name = "Pods-SecuritySSP.release.xcconfig"; path = "../Pods/Target Support Files/Pods-SecuritySSP/Pods-SecuritySSP.release.xcconfig"; sourceTree = "<group>"; };
		6267664255A7D020CEE541C2 /* Pods-SecuritySSP.debug.xcconfig */ = {isa = PBXFileReference; includeInIndex = 1; lastKnownFileType = text.xcconfig; name = "Pods-SecuritySSP.debug.xcconfig"; path = "../Pods/Target Support Files/Pods-SecuritySSP/Pods-SecuritySSP.debug.xcconfig"; sourceTree = "<group>"; };
		763D1B1120FDF5D70041B49E /* LwspManager.swift */ = {isa = PBXFileReference; lastKnownFileType = sourcecode.swift; path = LwspManager.swift; sourceTree = "<group>"; };
		763D1B232100C69D0041B49E /* CoreAAM_Manager.swift */ = {isa = PBXFileReference; lastKnownFileType = sourcecode.swift; path = CoreAAM_Manager.swift; sourceTree = "<group>"; };
		763D1B302100C6CE0041B49E /* LocalAAM_Manager.swift */ = {isa = PBXFileReference; lastKnownFileType = sourcecode.swift; path = LocalAAM_Manager.swift; sourceTree = "<group>"; };
		7666D15220E4F74800340DE6 /* SecuritySSP.framework */ = {isa = PBXFileReference; explicitFileType = wrapper.framework; includeInIndex = 0; path = SecuritySSP.framework; sourceTree = BUILT_PRODUCTS_DIR; };
		7666D15520E4F74800340DE6 /* SecuritySSP.h */ = {isa = PBXFileReference; lastKnownFileType = sourcecode.c.h; path = SecuritySSP.h; sourceTree = "<group>"; };
		7666D15620E4F74800340DE6 /* Info.plist */ = {isa = PBXFileReference; lastKnownFileType = text.plist.xml; path = Info.plist; sourceTree = "<group>"; };
		76E28BD720EE5ABC005E62D3 /* Pods.xcodeproj */ = {isa = PBXFileReference; lastKnownFileType = "wrapper.pb-project"; name = Pods.xcodeproj; path = ../Pods/Pods.xcodeproj; sourceTree = "<group>"; };
		76E28BF420EF79B7005E62D3 /* SHA256.swift */ = {isa = PBXFileReference; fileEncoding = 4; lastKnownFileType = sourcecode.swift; path = SHA256.swift; sourceTree = "<group>"; };
		76E28BF520EF79B7005E62D3 /* EllipticCurveKeyPair.swift */ = {isa = PBXFileReference; fileEncoding = 4; lastKnownFileType = sourcecode.swift; path = EllipticCurveKeyPair.swift; sourceTree = "<group>"; };
		76E28C0B20EF9C5A005E62D3 /* CertificateSigningRequestSwift.xcodeproj */ = {isa = PBXFileReference; lastKnownFileType = "wrapper.pb-project"; name = CertificateSigningRequestSwift.xcodeproj; path = SecuritySSP/CertificateSigningRequestSwift/CertificateSigningRequestSwift.xcodeproj; sourceTree = "<group>"; };
		76E28C1C20EF9E2E005E62D3 /* CsrSsp.swift */ = {isa = PBXFileReference; lastKnownFileType = sourcecode.swift; path = CsrSsp.swift; sourceTree = "<group>"; };
		76F98A2C20E5152B00C68BAE /* GuestTokensManager.swift */ = {isa = PBXFileReference; lastKnownFileType = sourcecode.swift; path = GuestTokensManager.swift; sourceTree = "<group>"; };
		76F98A3A20E66B3C00C68BAE /* GlobalSettings.swift */ = {isa = PBXFileReference; fileEncoding = 4; lastKnownFileType = sourcecode.swift; path = GlobalSettings.swift; sourceTree = "<group>"; };
		76F98A3C20E66B3C00C68BAE /* Logger.swift */ = {isa = PBXFileReference; fileEncoding = 4; lastKnownFileType = sourcecode.swift; path = Logger.swift; sourceTree = "<group>"; };
		76F98A4820E66C9D00C68BAE /* NotificationCenter+names.swift */ = {isa = PBXFileReference; fileEncoding = 4; lastKnownFileType = sourcecode.swift; path = "NotificationCenter+names.swift"; sourceTree = "<group>"; };
		76F98A4A20E66CA100C68BAE /* NotificationInfo.swift */ = {isa = PBXFileReference; fileEncoding = 4; lastKnownFileType = sourcecode.swift; path = NotificationInfo.swift; sourceTree = "<group>"; };
/* End PBXFileReference section */

/* Begin PBXFrameworksBuildPhase section */
		7666D14E20E4F74800340DE6 /* Frameworks */ = {
			isa = PBXFrameworksBuildPhase;
			buildActionMask = 2147483647;
			files = (
				76E28C2220EF9F9D005E62D3 /* CertificateSigningRequestSwift.framework in Frameworks */,
				F5AA702E04F90250F3F42508 /* Pods_SecuritySSP.framework in Frameworks */,
			);
			runOnlyForDeploymentPostprocessing = 0;
		};
/* End PBXFrameworksBuildPhase section */

/* Begin PBXGroup section */
		763D1B0220FDF34E0041B49E /* LightweightSecurityProtocol */ = {
			isa = PBXGroup;
			children = (
				763D1B1120FDF5D70041B49E /* LwspManager.swift */,
			);
			path = LightweightSecurityProtocol;
			sourceTree = "<group>";
		};
		763D1B0D20FDF3650041B49E /* Libs */ = {
			isa = PBXGroup;
			children = (
				76E28BF320EF7974005E62D3 /* EllipticCurveKeyPair */,
			);
			path = Libs;
			sourceTree = "<group>";
		};
		763D1B0E20FDF3780041B49E /* GuestToken */ = {
			isa = PBXGroup;
			children = (
				76F98A2C20E5152B00C68BAE /* GuestTokensManager.swift */,
			);
			path = GuestToken;
			sourceTree = "<group>";
		};
		763D1B2F2100C6B70041B49E /* LocalAAM */ = {
			isa = PBXGroup;
			children = (
				763D1B302100C6CE0041B49E /* LocalAAM_Manager.swift */,
			);
			path = LocalAAM;
			sourceTree = "<group>";
		};
		7666D14820E4F74800340DE6 = {
			isa = PBXGroup;
			children = (
				76E28BD720EE5ABC005E62D3 /* Pods.xcodeproj */,
				7666D15420E4F74800340DE6 /* SecuritySSP */,
				7666D15320E4F74800340DE6 /* Products */,
				AEB02EA32581C307A78407A6 /* Pods */,
				F8CF13DF7A94793C185C0CC6 /* Frameworks */,
			);
			sourceTree = "<group>";
		};
		7666D15320E4F74800340DE6 /* Products */ = {
			isa = PBXGroup;
			children = (
				7666D15220E4F74800340DE6 /* SecuritySSP.framework */,
			);
			name = Products;
			sourceTree = "<group>";
		};
		7666D15420E4F74800340DE6 /* SecuritySSP */ = {
			isa = PBXGroup;
			children = (
				763D1B0E20FDF3780041B49E /* GuestToken */,
				76E28BF820EF874B005E62D3 /* HomeToken */,
				763D1B0D20FDF3650041B49E /* Libs */,
				763D1B0220FDF34E0041B49E /* LightweightSecurityProtocol */,
				763D1B2F2100C6B70041B49E /* LocalAAM */,
				76F98A3720E66AF800C68BAE /* Common */,
				7666D15520E4F74800340DE6 /* SecuritySSP.h */,
				7666D15620E4F74800340DE6 /* Info.plist */,
			);
			path = SecuritySSP;
			sourceTree = "<group>";
		};
		76E28BD820EE5ABC005E62D3 /* Products */ = {
			isa = PBXGroup;
			children = (
				76E28BE320EE5ABC005E62D3 /* Async.framework */,
				76E28BE520EE5ABC005E62D3 /* Charts.framework */,
				76E28BE720EE5ABC005E62D3 /* DrawerController.framework */,
				76E28BE920EE5ABC005E62D3 /* Pods_SecuritySSP.framework */,
				76E28BEB20EE5ABC005E62D3 /* Pods_SSPApp.framework */,
				76E28BED20EE5ABC005E62D3 /* Pods_SymAgent.framework */,
				76E28BEF20EE5ABC005E62D3 /* SensingKit.framework */,
				76E28BF120EE5ABC005E62D3 /* SwiftyJSON.framework */,
			);
			name = Products;
			sourceTree = "<group>";
		};
		76E28BF320EF7974005E62D3 /* EllipticCurveKeyPair */ = {
			isa = PBXGroup;
			children = (
				76E28BF520EF79B7005E62D3 /* EllipticCurveKeyPair.swift */,
				76E28BF420EF79B7005E62D3 /* SHA256.swift */,
			);
			path = EllipticCurveKeyPair;
			sourceTree = "<group>";
		};
		76E28BF820EF874B005E62D3 /* HomeToken */ = {
			isa = PBXGroup;
			children = (
				76E28C1C20EF9E2E005E62D3 /* CsrSsp.swift */,
				763D1B232100C69D0041B49E /* CoreAAM_Manager.swift */,
			);
			path = HomeToken;
			sourceTree = "<group>";
		};
		76E28C0C20EF9C5A005E62D3 /* Products */ = {
			isa = PBXGroup;
			children = (
				76E28C1120EF9C5A005E62D3 /* CertificateSigningRequestSwift.framework */,
				76E28C1320EF9C5A005E62D3 /* CertificateSigningRequestSwiftTests.xctest */,
			);
			name = Products;
			sourceTree = "<group>";
		};
		76F98A3720E66AF800C68BAE /* Common */ = {
			isa = PBXGroup;
			children = (
				76F98A4820E66C9D00C68BAE /* NotificationCenter+names.swift */,
				76F98A4A20E66CA100C68BAE /* NotificationInfo.swift */,
				76F98A3A20E66B3C00C68BAE /* GlobalSettings.swift */,
				76F98A3C20E66B3C00C68BAE /* Logger.swift */,
			);
			path = Common;
			sourceTree = "<group>";
		};
		AEB02EA32581C307A78407A6 /* Pods */ = {
			isa = PBXGroup;
			children = (
				6267664255A7D020CEE541C2 /* Pods-SecuritySSP.debug.xcconfig */,
				5C2C04C35FBBFFA33988E224 /* Pods-SecuritySSP.release.xcconfig */,
			);
			name = Pods;
			sourceTree = "<group>";
		};
		F8CF13DF7A94793C185C0CC6 /* Frameworks */ = {
			isa = PBXGroup;
			children = (
				76E28C0B20EF9C5A005E62D3 /* CertificateSigningRequestSwift.xcodeproj */,
				4F4A44BAB5D3D257A575047B /* Pods_SecuritySSP.framework */,
			);
			name = Frameworks;
			sourceTree = "<group>";
		};
/* End PBXGroup section */

/* Begin PBXHeadersBuildPhase section */
		7666D14F20E4F74800340DE6 /* Headers */ = {
			isa = PBXHeadersBuildPhase;
			buildActionMask = 2147483647;
			files = (
				7666D15720E4F74800340DE6 /* SecuritySSP.h in Headers */,
			);
			runOnlyForDeploymentPostprocessing = 0;
		};
/* End PBXHeadersBuildPhase section */

/* Begin PBXNativeTarget section */
		7666D15120E4F74800340DE6 /* SecuritySSP */ = {
			isa = PBXNativeTarget;
			buildConfigurationList = 7666D15A20E4F74800340DE6 /* Build configuration list for PBXNativeTarget "SecuritySSP" */;
			buildPhases = (
				D03868C214EB9F61B3521CCC /* [CP] Check Pods Manifest.lock */,
				7666D14D20E4F74800340DE6 /* Sources */,
				7666D14E20E4F74800340DE6 /* Frameworks */,
				7666D14F20E4F74800340DE6 /* Headers */,
				7666D15020E4F74800340DE6 /* Resources */,
				F226F3625A9D18263258C469 /* [CP] Copy Pods Resources */,
			);
			buildRules = (
			);
			dependencies = (
			);
			name = SecuritySSP;
			productName = SecuritySSP;
			productReference = 7666D15220E4F74800340DE6 /* SecuritySSP.framework */;
			productType = "com.apple.product-type.framework";
		};
/* End PBXNativeTarget section */

/* Begin PBXProject section */
		7666D14920E4F74800340DE6 /* Project object */ = {
			isa = PBXProject;
			attributes = {
				LastUpgradeCheck = 0910;
				ORGANIZATIONNAME = Konrad;
				TargetAttributes = {
					7666D15120E4F74800340DE6 = {
						CreatedOnToolsVersion = 9.1;
						ProvisioningStyle = Automatic;
					};
				};
			};
			buildConfigurationList = 7666D14C20E4F74800340DE6 /* Build configuration list for PBXProject "SecuritySSP" */;
			compatibilityVersion = "Xcode 8.0";
			developmentRegion = en;
			hasScannedForEncodings = 0;
			knownRegions = (
				en,
			);
			mainGroup = 7666D14820E4F74800340DE6;
			productRefGroup = 7666D15320E4F74800340DE6 /* Products */;
			projectDirPath = "";
			projectReferences = (
				{
					ProductGroup = 76E28C0C20EF9C5A005E62D3 /* Products */;
					ProjectRef = 76E28C0B20EF9C5A005E62D3 /* CertificateSigningRequestSwift.xcodeproj */;
				},
				{
					ProductGroup = 76E28BD820EE5ABC005E62D3 /* Products */;
					ProjectRef = 76E28BD720EE5ABC005E62D3 /* Pods.xcodeproj */;
				},
			);
			projectRoot = "";
			targets = (
				7666D15120E4F74800340DE6 /* SecuritySSP */,
			);
		};
/* End PBXProject section */

/* Begin PBXReferenceProxy section */
		76E28BE320EE5ABC005E62D3 /* Async.framework */ = {
			isa = PBXReferenceProxy;
			fileType = wrapper.framework;
			path = Async.framework;
			remoteRef = 76E28BE220EE5ABC005E62D3 /* PBXContainerItemProxy */;
			sourceTree = BUILT_PRODUCTS_DIR;
		};
		76E28BE520EE5ABC005E62D3 /* Charts.framework */ = {
			isa = PBXReferenceProxy;
			fileType = wrapper.framework;
			path = Charts.framework;
			remoteRef = 76E28BE420EE5ABC005E62D3 /* PBXContainerItemProxy */;
			sourceTree = BUILT_PRODUCTS_DIR;
		};
		76E28BE720EE5ABC005E62D3 /* DrawerController.framework */ = {
			isa = PBXReferenceProxy;
			fileType = wrapper.framework;
			path = DrawerController.framework;
			remoteRef = 76E28BE620EE5ABC005E62D3 /* PBXContainerItemProxy */;
			sourceTree = BUILT_PRODUCTS_DIR;
		};
		76E28BE920EE5ABC005E62D3 /* Pods_SecuritySSP.framework */ = {
			isa = PBXReferenceProxy;
			fileType = wrapper.framework;
			path = Pods_SecuritySSP.framework;
			remoteRef = 76E28BE820EE5ABC005E62D3 /* PBXContainerItemProxy */;
			sourceTree = BUILT_PRODUCTS_DIR;
		};
		76E28BEB20EE5ABC005E62D3 /* Pods_SSPApp.framework */ = {
			isa = PBXReferenceProxy;
			fileType = wrapper.framework;
			path = Pods_SSPApp.framework;
			remoteRef = 76E28BEA20EE5ABC005E62D3 /* PBXContainerItemProxy */;
			sourceTree = BUILT_PRODUCTS_DIR;
		};
		76E28BED20EE5ABC005E62D3 /* Pods_SymAgent.framework */ = {
			isa = PBXReferenceProxy;
			fileType = wrapper.framework;
			path = Pods_SymAgent.framework;
			remoteRef = 76E28BEC20EE5ABC005E62D3 /* PBXContainerItemProxy */;
			sourceTree = BUILT_PRODUCTS_DIR;
		};
		76E28BEF20EE5ABC005E62D3 /* SensingKit.framework */ = {
			isa = PBXReferenceProxy;
			fileType = wrapper.framework;
			path = SensingKit.framework;
			remoteRef = 76E28BEE20EE5ABC005E62D3 /* PBXContainerItemProxy */;
			sourceTree = BUILT_PRODUCTS_DIR;
		};
		76E28BF120EE5ABC005E62D3 /* SwiftyJSON.framework */ = {
			isa = PBXReferenceProxy;
			fileType = wrapper.framework;
			path = SwiftyJSON.framework;
			remoteRef = 76E28BF020EE5ABC005E62D3 /* PBXContainerItemProxy */;
			sourceTree = BUILT_PRODUCTS_DIR;
		};
		76E28C1120EF9C5A005E62D3 /* CertificateSigningRequestSwift.framework */ = {
			isa = PBXReferenceProxy;
			fileType = wrapper.framework;
			path = CertificateSigningRequestSwift.framework;
			remoteRef = 76E28C1020EF9C5A005E62D3 /* PBXContainerItemProxy */;
			sourceTree = BUILT_PRODUCTS_DIR;
		};
		76E28C1320EF9C5A005E62D3 /* CertificateSigningRequestSwiftTests.xctest */ = {
			isa = PBXReferenceProxy;
			fileType = wrapper.cfbundle;
			path = CertificateSigningRequestSwiftTests.xctest;
			remoteRef = 76E28C1220EF9C5A005E62D3 /* PBXContainerItemProxy */;
			sourceTree = BUILT_PRODUCTS_DIR;
		};
/* End PBXReferenceProxy section */

/* Begin PBXResourcesBuildPhase section */
		7666D15020E4F74800340DE6 /* Resources */ = {
			isa = PBXResourcesBuildPhase;
			buildActionMask = 2147483647;
			files = (
			);
			runOnlyForDeploymentPostprocessing = 0;
		};
/* End PBXResourcesBuildPhase section */

/* Begin PBXShellScriptBuildPhase section */
		D03868C214EB9F61B3521CCC /* [CP] Check Pods Manifest.lock */ = {
			isa = PBXShellScriptBuildPhase;
			buildActionMask = 2147483647;
			files = (
			);
			inputPaths = (
			);
			name = "[CP] Check Pods Manifest.lock";
			outputPaths = (
			);
			runOnlyForDeploymentPostprocessing = 0;
			shellPath = /bin/sh;
			shellScript = "diff \"${PODS_ROOT}/../Podfile.lock\" \"${PODS_ROOT}/Manifest.lock\" > /dev/null\nif [ $? != 0 ] ; then\n    # print error to STDERR\n    echo \"error: The sandbox is not in sync with the Podfile.lock. Run 'pod install' or update your CocoaPods installation.\" >&2\n    exit 1\nfi\n";
			showEnvVarsInLog = 0;
		};
		F226F3625A9D18263258C469 /* [CP] Copy Pods Resources */ = {
			isa = PBXShellScriptBuildPhase;
			buildActionMask = 2147483647;
			files = (
			);
			inputPaths = (
			);
			name = "[CP] Copy Pods Resources";
			outputPaths = (
			);
			runOnlyForDeploymentPostprocessing = 0;
			shellPath = /bin/sh;
			shellScript = "\"${SRCROOT}/../Pods/Target Support Files/Pods-SecuritySSP/Pods-SecuritySSP-resources.sh\"\n";
			showEnvVarsInLog = 0;
		};
/* End PBXShellScriptBuildPhase section */

/* Begin PBXSourcesBuildPhase section */
		7666D14D20E4F74800340DE6 /* Sources */ = {
			isa = PBXSourcesBuildPhase;
			buildActionMask = 2147483647;
			files = (
				76F98A4920E66C9D00C68BAE /* NotificationCenter+names.swift in Sources */,
				76F98A4220E66B3C00C68BAE /* Logger.swift in Sources */,
				76E28BF620EF79B7005E62D3 /* SHA256.swift in Sources */,
				763D1B1220FDF5D70041B49E /* LwspManager.swift in Sources */,
				763D1B312100C6CE0041B49E /* LocalAAM_Manager.swift in Sources */,
				76F98A4B20E66CA100C68BAE /* NotificationInfo.swift in Sources */,
				76F98A4020E66B3C00C68BAE /* GlobalSettings.swift in Sources */,
				763D1B242100C69D0041B49E /* CoreAAM_Manager.swift in Sources */,
				76E28C1D20EF9E2E005E62D3 /* CsrSsp.swift in Sources */,
				76E28BF720EF79B7005E62D3 /* EllipticCurveKeyPair.swift in Sources */,
				76F98A2D20E5152B00C68BAE /* GuestTokensManager.swift in Sources */,
			);
			runOnlyForDeploymentPostprocessing = 0;
		};
/* End PBXSourcesBuildPhase section */

/* Begin XCBuildConfiguration section */
		7666D15820E4F74800340DE6 /* Debug */ = {
			isa = XCBuildConfiguration;
			buildSettings = {
				ALWAYS_SEARCH_USER_PATHS = NO;
				CLANG_ANALYZER_NONNULL = YES;
				CLANG_ANALYZER_NUMBER_OBJECT_CONVERSION = YES_AGGRESSIVE;
				CLANG_CXX_LANGUAGE_STANDARD = "gnu++14";
				CLANG_CXX_LIBRARY = "libc++";
				CLANG_ENABLE_MODULES = YES;
				CLANG_ENABLE_OBJC_ARC = YES;
				CLANG_WARN_BLOCK_CAPTURE_AUTORELEASING = YES;
				CLANG_WARN_BOOL_CONVERSION = YES;
				CLANG_WARN_COMMA = YES;
				CLANG_WARN_CONSTANT_CONVERSION = YES;
				CLANG_WARN_DIRECT_OBJC_ISA_USAGE = YES_ERROR;
				CLANG_WARN_DOCUMENTATION_COMMENTS = YES;
				CLANG_WARN_EMPTY_BODY = YES;
				CLANG_WARN_ENUM_CONVERSION = YES;
				CLANG_WARN_INFINITE_RECURSION = YES;
				CLANG_WARN_INT_CONVERSION = YES;
				CLANG_WARN_NON_LITERAL_NULL_CONVERSION = YES;
				CLANG_WARN_OBJC_LITERAL_CONVERSION = YES;
				CLANG_WARN_OBJC_ROOT_CLASS = YES_ERROR;
				CLANG_WARN_RANGE_LOOP_ANALYSIS = YES;
				CLANG_WARN_STRICT_PROTOTYPES = YES;
				CLANG_WARN_SUSPICIOUS_MOVE = YES;
				CLANG_WARN_UNGUARDED_AVAILABILITY = YES_AGGRESSIVE;
				CLANG_WARN_UNREACHABLE_CODE = YES;
				CLANG_WARN__DUPLICATE_METHOD_MATCH = YES;
				CODE_SIGN_IDENTITY = "iPhone Developer";
				COPY_PHASE_STRIP = NO;
				CURRENT_PROJECT_VERSION = 1;
				DEBUG_INFORMATION_FORMAT = dwarf;
				ENABLE_STRICT_OBJC_MSGSEND = YES;
				ENABLE_TESTABILITY = YES;
				GCC_C_LANGUAGE_STANDARD = gnu11;
				GCC_DYNAMIC_NO_PIC = NO;
				GCC_NO_COMMON_BLOCKS = YES;
				GCC_OPTIMIZATION_LEVEL = 0;
				GCC_PREPROCESSOR_DEFINITIONS = (
					"DEBUG=1",
					"$(inherited)",
				);
				GCC_WARN_64_TO_32_BIT_CONVERSION = YES;
				GCC_WARN_ABOUT_RETURN_TYPE = YES_ERROR;
				GCC_WARN_UNDECLARED_SELECTOR = YES;
				GCC_WARN_UNINITIALIZED_AUTOS = YES_AGGRESSIVE;
				GCC_WARN_UNUSED_FUNCTION = YES;
				GCC_WARN_UNUSED_VARIABLE = YES;
				IPHONEOS_DEPLOYMENT_TARGET = 9.3;
				MTL_ENABLE_DEBUG_INFO = YES;
				ONLY_ACTIVE_ARCH = YES;
				SDKROOT = iphoneos;
				SWIFT_ACTIVE_COMPILATION_CONDITIONS = DEBUG;
				SWIFT_OPTIMIZATION_LEVEL = "-Onone";
				VERSIONING_SYSTEM = "apple-generic";
				VERSION_INFO_PREFIX = "";
			};
			name = Debug;
		};
		7666D15920E4F74800340DE6 /* Release */ = {
			isa = XCBuildConfiguration;
			buildSettings = {
				ALWAYS_SEARCH_USER_PATHS = NO;
				CLANG_ANALYZER_NONNULL = YES;
				CLANG_ANALYZER_NUMBER_OBJECT_CONVERSION = YES_AGGRESSIVE;
				CLANG_CXX_LANGUAGE_STANDARD = "gnu++14";
				CLANG_CXX_LIBRARY = "libc++";
				CLANG_ENABLE_MODULES = YES;
				CLANG_ENABLE_OBJC_ARC = YES;
				CLANG_WARN_BLOCK_CAPTURE_AUTORELEASING = YES;
				CLANG_WARN_BOOL_CONVERSION = YES;
				CLANG_WARN_COMMA = YES;
				CLANG_WARN_CONSTANT_CONVERSION = YES;
				CLANG_WARN_DIRECT_OBJC_ISA_USAGE = YES_ERROR;
				CLANG_WARN_DOCUMENTATION_COMMENTS = YES;
				CLANG_WARN_EMPTY_BODY = YES;
				CLANG_WARN_ENUM_CONVERSION = YES;
				CLANG_WARN_INFINITE_RECURSION = YES;
				CLANG_WARN_INT_CONVERSION = YES;
				CLANG_WARN_NON_LITERAL_NULL_CONVERSION = YES;
				CLANG_WARN_OBJC_LITERAL_CONVERSION = YES;
				CLANG_WARN_OBJC_ROOT_CLASS = YES_ERROR;
				CLANG_WARN_RANGE_LOOP_ANALYSIS = YES;
				CLANG_WARN_STRICT_PROTOTYPES = YES;
				CLANG_WARN_SUSPICIOUS_MOVE = YES;
				CLANG_WARN_UNGUARDED_AVAILABILITY = YES_AGGRESSIVE;
				CLANG_WARN_UNREACHABLE_CODE = YES;
				CLANG_WARN__DUPLICATE_METHOD_MATCH = YES;
				CODE_SIGN_IDENTITY = "iPhone Developer";
				COPY_PHASE_STRIP = NO;
				CURRENT_PROJECT_VERSION = 1;
				DEBUG_INFORMATION_FORMAT = "dwarf-with-dsym";
				ENABLE_NS_ASSERTIONS = NO;
				ENABLE_STRICT_OBJC_MSGSEND = YES;
				GCC_C_LANGUAGE_STANDARD = gnu11;
				GCC_NO_COMMON_BLOCKS = YES;
				GCC_WARN_64_TO_32_BIT_CONVERSION = YES;
				GCC_WARN_ABOUT_RETURN_TYPE = YES_ERROR;
				GCC_WARN_UNDECLARED_SELECTOR = YES;
				GCC_WARN_UNINITIALIZED_AUTOS = YES_AGGRESSIVE;
				GCC_WARN_UNUSED_FUNCTION = YES;
				GCC_WARN_UNUSED_VARIABLE = YES;
				IPHONEOS_DEPLOYMENT_TARGET = 9.3;
				MTL_ENABLE_DEBUG_INFO = NO;
				SDKROOT = iphoneos;
				SWIFT_OPTIMIZATION_LEVEL = "-Owholemodule";
				VALIDATE_PRODUCT = YES;
				VERSIONING_SYSTEM = "apple-generic";
				VERSION_INFO_PREFIX = "";
			};
			name = Release;
		};
		7666D15B20E4F74800340DE6 /* Debug */ = {
			isa = XCBuildConfiguration;
			baseConfigurationReference = 6267664255A7D020CEE541C2 /* Pods-SecuritySSP.debug.xcconfig */;
			buildSettings = {
				CODE_SIGN_IDENTITY = "";
				CODE_SIGN_STYLE = Automatic;
				DEFINES_MODULE = YES;
				DEVELOPMENT_TEAM = W9AYBK7AF4;
				DYLIB_COMPATIBILITY_VERSION = 1;
				DYLIB_CURRENT_VERSION = 1;
				DYLIB_INSTALL_NAME_BASE = "@rpath";
				INFOPLIST_FILE = SecuritySSP/Info.plist;
				INSTALL_PATH = "$(LOCAL_LIBRARY_DIR)/Frameworks";
				IPHONEOS_DEPLOYMENT_TARGET = 9.3;
				LD_RUNPATH_SEARCH_PATHS = "$(inherited) @executable_path/Frameworks @loader_path/Frameworks";
				PRODUCT_BUNDLE_IDENTIFIER = pl.psnc.SymbIoTe.Security.ssp.SecuritySSP;
				PRODUCT_NAME = "$(TARGET_NAME:c99extidentifier)";
				SKIP_INSTALL = YES;
				SWIFT_VERSION = 3.0;
				TARGETED_DEVICE_FAMILY = "1,2";
			};
			name = Debug;
		};
		7666D15C20E4F74800340DE6 /* Release */ = {
			isa = XCBuildConfiguration;
			baseConfigurationReference = 5C2C04C35FBBFFA33988E224 /* Pods-SecuritySSP.release.xcconfig */;
			buildSettings = {
				CODE_SIGN_IDENTITY = "";
				CODE_SIGN_STYLE = Automatic;
				DEFINES_MODULE = YES;
				DEVELOPMENT_TEAM = W9AYBK7AF4;
				DYLIB_COMPATIBILITY_VERSION = 1;
				DYLIB_CURRENT_VERSION = 1;
				DYLIB_INSTALL_NAME_BASE = "@rpath";
				INFOPLIST_FILE = SecuritySSP/Info.plist;
				INSTALL_PATH = "$(LOCAL_LIBRARY_DIR)/Frameworks";
				IPHONEOS_DEPLOYMENT_TARGET = 9.3;
				LD_RUNPATH_SEARCH_PATHS = "$(inherited) @executable_path/Frameworks @loader_path/Frameworks";
				PRODUCT_BUNDLE_IDENTIFIER = pl.psnc.SymbIoTe.Security.ssp.SecuritySSP;
				PRODUCT_NAME = "$(TARGET_NAME:c99extidentifier)";
				SKIP_INSTALL = YES;
				SWIFT_VERSION = 3.0;
				TARGETED_DEVICE_FAMILY = "1,2";
			};
			name = Release;
		};
/* End XCBuildConfiguration section */

/* Begin XCConfigurationList section */
		7666D14C20E4F74800340DE6 /* Build configuration list for PBXProject "SecuritySSP" */ = {
			isa = XCConfigurationList;
			buildConfigurations = (
				7666D15820E4F74800340DE6 /* Debug */,
				7666D15920E4F74800340DE6 /* Release */,
			);
			defaultConfigurationIsVisible = 0;
			defaultConfigurationName = Release;
		};
		7666D15A20E4F74800340DE6 /* Build configuration list for PBXNativeTarget "SecuritySSP" */ = {
			isa = XCConfigurationList;
			buildConfigurations = (
				7666D15B20E4F74800340DE6 /* Debug */,
				7666D15C20E4F74800340DE6 /* Release */,
			);
			defaultConfigurationIsVisible = 0;
			defaultConfigurationName = Release;
		};
/* End XCConfigurationList section */
	};
	rootObject = 7666D14920E4F74800340DE6 /* Project object */;
}
