PODS:
  - AsyncSwift (2.0.1)
  - Charts (3.0.2):
    - Charts/Core (= 3.0.2)
  - Charts/Core (3.0.2)
  - DrawerController (3.2.1):
    - DrawerController/Core (= 3.2.1)
    - DrawerController/DrawerVisualStates (= 3.2.1)
  - DrawerController/Core (3.2.1)
  - DrawerController/DrawerVisualStates (3.2.1):
    - DrawerController/Core
  - SwiftyJSON (3.1.4)

DEPENDENCIES:
  - AsyncSwift
  - Charts
  - DrawerController
  - SwiftyJSON

SPEC CHECKSUMS:
  AsyncSwift: 632138e42ead868b53c745fcde9bf733ce1527ad
  Charts: 236d6ccdd0ce6feae151d89e829a7397381a21fd
  DrawerController: d2f25c567a1786476d74bfe8cde9a5bdd39972a9
  SwiftyJSON: c2842d878f95482ffceec5709abc3d05680c0220

PODFILE CHECKSUM: 19c35b8102e14a0b9a38580f8209dee07d3d3f99

COCOAPODS: 1.2.0
