PODS:
  - AsyncSwift (2.0.1)
  - SwiftyJSON (3.1.4)

DEPENDENCIES:
  - AsyncSwift
  - SwiftyJSON

SPEC CHECKSUMS:
  AsyncSwift: 632138e42ead868b53c745fcde9bf733ce1527ad
  SwiftyJSON: c2842d878f95482ffceec5709abc3d05680c0220

PODFILE CHECKSUM: 20ee8dcd4a9f8fd89f127e2f6b1b731147d1aef9

COCOAPODS: 1.2.0
