// !$*UTF8*$!
{
	archiveVersion = 1;
	classes = {
	};
	objectVersion = 46;
	objects = {

/* Begin PBXBuildFile section */
		7666B2D11F27716900675435 /* AppDelegate.swift in Sources */ = {isa = PBXBuildFile; fileRef = 7666B2D01F27716900675435 /* AppDelegate.swift */; };
		7666B2D31F27716900675435 /* ViewController.swift in Sources */ = {isa = PBXBuildFile; fileRef = 7666B2D21F27716900675435 /* ViewController.swift */; };
		7666B2D61F27716900675435 /* Main.storyboard in Resources */ = {isa = PBXBuildFile; fileRef = 7666B2D41F27716900675435 /* Main.storyboard */; };
		7666B2D81F27716900675435 /* Assets.xcassets in Resources */ = {isa = PBXBuildFile; fileRef = 7666B2D71F27716900675435 /* Assets.xcassets */; };
		7666B2DB1F27716900675435 /* LaunchScreen.storyboard in Resources */ = {isa = PBXBuildFile; fileRef = 7666B2D91F27716900675435 /* LaunchScreen.storyboard */; };
/* End PBXBuildFile section */

/* Begin PBXFileReference section */
		7666B2CD1F27716900675435 /* SSPApp.app */ = {isa = PBXFileReference; explicitFileType = wrapper.application; includeInIndex = 0; path = SSPApp.app; sourceTree = BUILT_PRODUCTS_DIR; };
		7666B2D01F27716900675435 /* AppDelegate.swift */ = {isa = PBXFileReference; lastKnownFileType = sourcecode.swift; path = AppDelegate.swift; sourceTree = "<group>"; };
		7666B2D21F27716900675435 /* ViewController.swift */ = {isa = PBXFileReference; lastKnownFileType = sourcecode.swift; path = ViewController.swift; sourceTree = "<group>"; };
		7666B2D51F27716900675435 /* Base */ = {isa = PBXFileReference; lastKnownFileType = file.storyboard; name = Base; path = Base.lproj/Main.storyboard; sourceTree = "<group>"; };
		7666B2D71F27716900675435 /* Assets.xcassets */ = {isa = PBXFileReference; lastKnownFileType = folder.assetcatalog; path = Assets.xcassets; sourceTree = "<group>"; };
		7666B2DA1F27716900675435 /* Base */ = {isa = PBXFileReference; lastKnownFileType = file.storyboard; name = Base; path = Base.lproj/LaunchScreen.storyboard; sourceTree = "<group>"; };
		7666B2DC1F27716900675435 /* Info.plist */ = {isa = PBXFileReference; lastKnownFileType = text.plist.xml; path = Info.plist; sourceTree = "<group>"; };
/* End PBXFileReference section */

/* Begin PBXFrameworksBuildPhase section */
		7666B2CA1F27716900675435 /* Frameworks */ = {
			isa = PBXFrameworksBuildPhase;
			buildActionMask = 2147483647;
			files = (
			);
			runOnlyForDeploymentPostprocessing = 0;
		};
/* End PBXFrameworksBuildPhase section */

/* Begin PBXGroup section */
		7666B2C41F27716900675435 = {
			isa = PBXGroup;
			children = (
				7666B2CF1F27716900675435 /* SSPApp */,
				7666B2CE1F27716900675435 /* Products */,
			);
			sourceTree = "<group>";
		};
		7666B2CE1F27716900675435 /* Products */ = {
			isa = PBXGroup;
			children = (
				7666B2CD1F27716900675435 /* SSPApp.app */,
			);
			name = Products;
			sourceTree = "<group>";
		};
		7666B2CF1F27716900675435 /* SSPApp */ = {
			isa = PBXGroup;
			children = (
				7666B2D01F27716900675435 /* AppDelegate.swift */,
				7666B2D21F27716900675435 /* ViewController.swift */,
				7666B2D41F27716900675435 /* Main.storyboard */,
				7666B2D71F27716900675435 /* Assets.xcassets */,
				7666B2D91F27716900675435 /* LaunchScreen.storyboard */,
				7666B2DC1F27716900675435 /* Info.plist */,
			);
			path = SSPApp;
			sourceTree = "<group>";
		};
/* End PBXGroup section */

/* Begin PBXNativeTarget section */
		7666B2CC1F27716900675435 /* SSPApp */ = {
			isa = PBXNativeTarget;
			buildConfigurationList = 7666B2DF1F27716900675435 /* Build configuration list for PBXNativeTarget "SSPApp" */;
			buildPhases = (
				7666B2C91F27716900675435 /* Sources */,
				7666B2CA1F27716900675435 /* Frameworks */,
				7666B2CB1F27716900675435 /* Resources */,
			);
			buildRules = (
			);
			dependencies = (
			);
			name = SSPApp;
			productName = SSPApp;
			productReference = 7666B2CD1F27716900675435 /* SSPApp.app */;
			productType = "com.apple.product-type.application";
		};
/* End PBXNativeTarget section */

/* Begin PBXProject section */
		7666B2C51F27716900675435 /* Project object */ = {
			isa = PBXProject;
			attributes = {
				LastSwiftUpdateCheck = 0830;
				LastUpgradeCheck = 0830;
				ORGANIZATIONNAME = PSNC;
				TargetAttributes = {
					7666B2CC1F27716900675435 = {
						CreatedOnToolsVersion = 8.3;
						DevelopmentTeam = 65KP3UJJWG;
						ProvisioningStyle = Automatic;
					};
				};
			};
			buildConfigurationList = 7666B2C81F27716900675435 /* Build configuration list for PBXProject "SSPApp" */;
			compatibilityVersion = "Xcode 3.2";
			developmentRegion = English;
			hasScannedForEncodings = 0;
			knownRegions = (
				en,
				Base,
			);
			mainGroup = 7666B2C41F27716900675435;
			productRefGroup = 7666B2CE1F27716900675435 /* Products */;
			projectDirPath = "";
			projectRoot = "";
			targets = (
				7666B2CC1F27716900675435 /* SSPApp */,
			);
		};
/* End PBXProject section */

/* Begin PBXResourcesBuildPhase section */
		7666B2CB1F27716900675435 /* Resources */ = {
			isa = PBXResourcesBuildPhase;
			buildActionMask = 2147483647;
			files = (
				7666B2DB1F27716900675435 /* LaunchScreen.storyboard in Resources */,
				7666B2D81F27716900675435 /* Assets.xcassets in Resources */,
				7666B2D61F27716900675435 /* Main.storyboard in Resources */,
			);
			runOnlyForDeploymentPostprocessing = 0;
		};
/* End PBXResourcesBuildPhase section */

/* Begin PBXSourcesBuildPhase section */
		7666B2C91F27716900675435 /* Sources */ = {
			isa = PBXSourcesBuildPhase;
			buildActionMask = 2147483647;
			files = (
				7666B2D31F27716900675435 /* ViewController.swift in Sources */,
				7666B2D11F27716900675435 /* AppDelegate.swift in Sources */,
			);
			runOnlyForDeploymentPostprocessing = 0;
		};
/* End PBXSourcesBuildPhase section */

/* Begin PBXVariantGroup section */
		7666B2D41F27716900675435 /* Main.storyboard */ = {
			isa = PBXVariantGroup;
			children = (
				7666B2D51F27716900675435 /* Base */,
			);
			name = Main.storyboard;
			sourceTree = "<group>";
		};
		7666B2D91F27716900675435 /* LaunchScreen.storyboard */ = {
			isa = PBXVariantGroup;
			children = (
				7666B2DA1F27716900675435 /* Base */,
			);
			name = LaunchScreen.storyboard;
			sourceTree = "<group>";
		};
/* End PBXVariantGroup section */

/* Begin XCBuildConfiguration section */
		7666B2DD1F27716900675435 /* Debug */ = {
			isa = XCBuildConfiguration;
			buildSettings = {
				ALWAYS_SEARCH_USER_PATHS = NO;
				CLANG_ANALYZER_NONNULL = YES;
				CLANG_ANALYZER_NUMBER_OBJECT_CONVERSION = YES_AGGRESSIVE;
				CLANG_CXX_LANGUAGE_STANDARD = "gnu++0x";
				CLANG_CXX_LIBRARY = "libc++";
				CLANG_ENABLE_MODULES = YES;
				CLANG_ENABLE_OBJC_ARC = YES;
				CLANG_WARN_BOOL_CONVERSION = YES;
				CLANG_WARN_CONSTANT_CONVERSION = YES;
				CLANG_WARN_DIRECT_OBJC_ISA_USAGE = YES_ERROR;
				CLANG_WARN_DOCUMENTATION_COMMENTS = YES;
				CLANG_WARN_EMPTY_BODY = YES;
				CLANG_WARN_ENUM_CONVERSION = YES;
				CLANG_WARN_INFINITE_RECURSION = YES;
				CLANG_WARN_INT_CONVERSION = YES;
				CLANG_WARN_OBJC_ROOT_CLASS = YES_ERROR;
				CLANG_WARN_SUSPICIOUS_MOVE = YES;
				CLANG_WARN_UNREACHABLE_CODE = YES;
				CLANG_WARN__DUPLICATE_METHOD_MATCH = YES;
				"CODE_SIGN_IDENTITY[sdk=iphoneos*]" = "iPhone Developer";
				COPY_PHASE_STRIP = NO;
				DEBUG_INFORMATION_FORMAT = dwarf;
				ENABLE_STRICT_OBJC_MSGSEND = YES;
				ENABLE_TESTABILITY = YES;
				GCC_C_LANGUAGE_STANDARD = gnu99;
				GCC_DYNAMIC_NO_PIC = NO;
				GCC_NO_COMMON_BLOCKS = YES;
				GCC_OPTIMIZATION_LEVEL = 0;
				GCC_PREPROCESSOR_DEFINITIONS = (
					"DEBUG=1",
					"$(inherited)",
				);
				GCC_WARN_64_TO_32_BIT_CONVERSION = YES;
				GCC_WARN_ABOUT_RETURN_TYPE = YES_ERROR;
				GCC_WARN_UNDECLARED_SELECTOR = YES;
				GCC_WARN_UNINITIALIZED_AUTOS = YES_AGGRESSIVE;
				GCC_WARN_UNUSED_FUNCTION = YES;
				GCC_WARN_UNUSED_VARIABLE = YES;
				IPHONEOS_DEPLOYMENT_TARGET = 10.3;
				MTL_ENABLE_DEBUG_INFO = YES;
				ONLY_ACTIVE_ARCH = YES;
				SDKROOT = iphoneos;
				SWIFT_ACTIVE_COMPILATION_CONDITIONS = DEBUG;
				SWIFT_OPTIMIZATION_LEVEL = "-Onone";
				TARGETED_DEVICE_FAMILY = "1,2";
			};
			name = Debug;
		};
		7666B2DE1F27716900675435 /* Release */ = {
			isa = XCBuildConfiguration;
			buildSettings = {
				ALWAYS_SEARCH_USER_PATHS = NO;
				CLANG_ANALYZER_NONNULL = YES;
				CLANG_ANALYZER_NUMBER_OBJECT_CONVERSION = YES_AGGRESSIVE;
				CLANG_CXX_LANGUAGE_STANDARD = "gnu++0x";
				CLANG_CXX_LIBRARY = "libc++";
				CLANG_ENABLE_MODULES = YES;
				CLANG_ENABLE_OBJC_ARC = YES;
				CLANG_WARN_BOOL_CONVERSION = YES;
				CLANG_WARN_CONSTANT_CONVERSION = YES;
				CLANG_WARN_DIRECT_OBJC_ISA_USAGE = YES_ERROR;
				CLANG_WARN_DOCUMENTATION_COMMENTS = YES;
				CLANG_WARN_EMPTY_BODY = YES;
				CLANG_WARN_ENUM_CONVERSION = YES;
				CLANG_WARN_INFINITE_RECURSION = YES;
				CLANG_WARN_INT_CONVERSION = YES;
				CLANG_WARN_OBJC_ROOT_CLASS = YES_ERROR;
				CLANG_WARN_SUSPICIOUS_MOVE = YES;
				CLANG_WARN_UNREACHABLE_CODE = YES;
				CLANG_WARN__DUPLICATE_METHOD_MATCH = YES;
				"CODE_SIGN_IDENTITY[sdk=iphoneos*]" = "iPhone Developer";
				COPY_PHASE_STRIP = NO;
				DEBUG_INFORMATION_FORMAT = "dwarf-with-dsym";
				ENABLE_NS_ASSERTIONS = NO;
				ENABLE_STRICT_OBJC_MSGSEND = YES;
				GCC_C_LANGUAGE_STANDARD = gnu99;
				GCC_NO_COMMON_BLOCKS = YES;
				GCC_WARN_64_TO_32_BIT_CONVERSION = YES;
				GCC_WARN_ABOUT_RETURN_TYPE = YES_ERROR;
				GCC_WARN_UNDECLARED_SELECTOR = YES;
				GCC_WARN_UNINITIALIZED_AUTOS = YES_AGGRESSIVE;
				GCC_WARN_UNUSED_FUNCTION = YES;
				GCC_WARN_UNUSED_VARIABLE = YES;
				IPHONEOS_DEPLOYMENT_TARGET = 10.3;
				MTL_ENABLE_DEBUG_INFO = NO;
				SDKROOT = iphoneos;
				SWIFT_OPTIMIZATION_LEVEL = "-Owholemodule";
				TARGETED_DEVICE_FAMILY = "1,2";
				VALIDATE_PRODUCT = YES;
			};
			name = Release;
		};
		7666B2E01F27716900675435 /* Debug */ = {
			isa = XCBuildConfiguration;
			buildSettings = {
				ASSETCATALOG_COMPILER_APPICON_NAME = AppIcon;
				DEVELOPMENT_TEAM = 65KP3UJJWG;
				INFOPLIST_FILE = SSPApp/Info.plist;
				LD_RUNPATH_SEARCH_PATHS = "$(inherited) @executable_path/Frameworks";
				PRODUCT_BUNDLE_IDENTIFIER = pl.psnc.SSPApp;
				PRODUCT_NAME = "$(TARGET_NAME)";
				SWIFT_VERSION = 3.0;
			};
			name = Debug;
		};
		7666B2E11F27716900675435 /* Release */ = {
			isa = XCBuildConfiguration;
			buildSettings = {
				ASSETCATALOG_COMPILER_APPICON_NAME = AppIcon;
				DEVELOPMENT_TEAM = 65KP3UJJWG;
				INFOPLIST_FILE = SSPApp/Info.plist;
				LD_RUNPATH_SEARCH_PATHS = "$(inherited) @executable_path/Frameworks";
				PRODUCT_BUNDLE_IDENTIFIER = pl.psnc.SSPApp;
				PRODUCT_NAME = "$(TARGET_NAME)";
				SWIFT_VERSION = 3.0;
			};
			name = Release;
		};
/* End XCBuildConfiguration section */

/* Begin XCConfigurationList section */
		7666B2C81F27716900675435 /* Build configuration list for PBXProject "SSPApp" */ = {
			isa = XCConfigurationList;
			buildConfigurations = (
				7666B2DD1F27716900675435 /* Debug */,
				7666B2DE1F27716900675435 /* Release */,
			);
			defaultConfigurationIsVisible = 0;
			defaultConfigurationName = Release;
		};
		7666B2DF1F27716900675435 /* Build configuration list for PBXNativeTarget "SSPApp" */ = {
			isa = XCConfigurationList;
			buildConfigurations = (
				7666B2E01F27716900675435 /* Debug */,
				7666B2E11F27716900675435 /* Release */,
			);
			defaultConfigurationIsVisible = 0;
		};
/* End XCConfigurationList section */
	};
	rootObject = 7666B2C51F27716900675435 /* Project object */;
}
