// !$*UTF8*$!
{
	archiveVersion = 1;
	classes = {
	};
	objectVersion = 48;
	objects = {

/* Begin PBXBuildFile section */
		76162ECC1F2892040043285D /* MainViewController.swift in Sources */ = {isa = PBXBuildFile; fileRef = 76162ECB1F2892040043285D /* MainViewController.swift */; };
		76162ED21F28923A0043285D /* Drawer.storyboard in Resources */ = {isa = PBXBuildFile; fileRef = 76162ECE1F28923A0043285D /* Drawer.storyboard */; };
		76162ED31F28923A0043285D /* DrawerMenuTableVC.swift in Sources */ = {isa = PBXBuildFile; fileRef = 76162ECF1F28923A0043285D /* DrawerMenuTableVC.swift */; };
		76162ED41F28923A0043285D /* TableViewControllerWithDrawerMenu.swift in Sources */ = {isa = PBXBuildFile; fileRef = 76162ED01F28923A0043285D /* TableViewControllerWithDrawerMenu.swift */; };
		76162ED51F28923A0043285D /* ViewControllerWithDrawerMenu.swift in Sources */ = {isa = PBXBuildFile; fileRef = 76162ED11F28923A0043285D /* ViewControllerWithDrawerMenu.swift */; };
		76162EDA1F2892530043285D /* DetailViewController.swift in Sources */ = {isa = PBXBuildFile; fileRef = 76162ED71F2892530043285D /* DetailViewController.swift */; };
		76162EDB1F2892530043285D /* DevicesList.storyboard in Resources */ = {isa = PBXBuildFile; fileRef = 76162ED81F2892530043285D /* DevicesList.storyboard */; };
		76162EDC1F2892530043285D /* MasterViewController.swift in Sources */ = {isa = PBXBuildFile; fileRef = 76162ED91F2892530043285D /* MasterViewController.swift */; };
		76162EDF1F2892B20043285D /* SmartDevice.swift in Sources */ = {isa = PBXBuildFile; fileRef = 76162EDE1F2892B20043285D /* SmartDevice.swift */; };
		76162EE21F2892F60043285D /* SearchDevicesManager.swift in Sources */ = {isa = PBXBuildFile; fileRef = 76162EE11F2892F60043285D /* SearchDevicesManager.swift */; };
		76162EE81F2893390043285D /* Constants.swift in Sources */ = {isa = PBXBuildFile; fileRef = 76162EE41F2893390043285D /* Constants.swift */; };
		76162EE91F2893390043285D /* Logger.swift in Sources */ = {isa = PBXBuildFile; fileRef = 76162EE51F2893390043285D /* Logger.swift */; };
		76162EEA1F2893390043285D /* NotificationCenter+names.swift in Sources */ = {isa = PBXBuildFile; fileRef = 76162EE61F2893390043285D /* NotificationCenter+names.swift */; };
		76162EEB1F2893390043285D /* NotificationInfo.swift in Sources */ = {isa = PBXBuildFile; fileRef = 76162EE71F2893390043285D /* NotificationInfo.swift */; };
		762C4B211F3B2C1E0052E7D3 /* SSPColors.swift in Sources */ = {isa = PBXBuildFile; fileRef = 762C4B201F3B2C1E0052E7D3 /* SSPColors.swift */; };
		763138041F30B4F8007A34E9 /* DevicesListVC.swift in Sources */ = {isa = PBXBuildFile; fileRef = 763138031F30B4F7007A34E9 /* DevicesListVC.swift */; };
		763138061F30B863007A34E9 /* DeviceDetailsVC.swift in Sources */ = {isa = PBXBuildFile; fileRef = 763138051F30B863007A34E9 /* DeviceDetailsVC.swift */; };
		763138081F34A7F1007A34E9 /* DevicesCombinedVC.swift in Sources */ = {isa = PBXBuildFile; fileRef = 763138071F34A7F1007A34E9 /* DevicesCombinedVC.swift */; };
		76486BDC1F4D6DC500D9702D /* DeviceTableViewCell.swift in Sources */ = {isa = PBXBuildFile; fileRef = 76486BDB1F4D6DC500D9702D /* DeviceTableViewCell.swift */; };
		76486BDF1F4D832D00D9702D /* Observations.storyboard in Resources */ = {isa = PBXBuildFile; fileRef = 76486BDE1F4D832D00D9702D /* Observations.storyboard */; };
		76486BE11F4D835C00D9702D /* ObservationsVC.swift in Sources */ = {isa = PBXBuildFile; fileRef = 76486BE01F4D835C00D9702D /* ObservationsVC.swift */; };
		76486BE31F4D84BF00D9702D /* Observation.swift in Sources */ = {isa = PBXBuildFile; fileRef = 76486BE21F4D84BF00D9702D /* Observation.swift */; };
		76486BE51F4D84CF00D9702D /* ObservationsManager.swift in Sources */ = {isa = PBXBuildFile; fileRef = 76486BE41F4D84CF00D9702D /* ObservationsManager.swift */; };
		76486BE81F4D979200D9702D /* observations.json in Resources */ = {isa = PBXBuildFile; fileRef = 76486BE71F4D979200D9702D /* observations.json */; };
		76486BEA1F4D9DEA00D9702D /* ObservationLocation.swift in Sources */ = {isa = PBXBuildFile; fileRef = 76486BE91F4D9DEA00D9702D /* ObservationLocation.swift */; };
		76486BEC1F4D9E0000D9702D /* ObservationValue.swift in Sources */ = {isa = PBXBuildFile; fileRef = 76486BEB1F4D9E0000D9702D /* ObservationValue.swift */; };
		76486BEE1F4DCD2B00D9702D /* ObservationTableViewCell.swift in Sources */ = {isa = PBXBuildFile; fileRef = 76486BED1F4DCD2B00D9702D /* ObservationTableViewCell.swift */; };
		76486BF01F4EBA5B00D9702D /* ObservationsChartVC.swift in Sources */ = {isa = PBXBuildFile; fileRef = 76486BEF1F4EBA5B00D9702D /* ObservationsChartVC.swift */; };
		76486BF31F4EEAF800D9702D /* DateTime.swift in Sources */ = {isa = PBXBuildFile; fileRef = 76486BF21F4EEAF800D9702D /* DateTime.swift */; };
		76486BF51F4EED9600D9702D /* DrawerOption.swift in Sources */ = {isa = PBXBuildFile; fileRef = 76486BF41F4EED9600D9702D /* DrawerOption.swift */; };
		76486BF71F4EEE6B00D9702D /* NavigationProtocol.swift in Sources */ = {isa = PBXBuildFile; fileRef = 76486BF61F4EEE6B00D9702D /* NavigationProtocol.swift */; };
		7653D2AE1F6BF897004B3235 /* ActuatorManager.swift in Sources */ = {isa = PBXBuildFile; fileRef = 7653D2AD1F6BF897004B3235 /* ActuatorManager.swift */; };
		7666B2D11F27716900675435 /* AppDelegate.swift in Sources */ = {isa = PBXBuildFile; fileRef = 7666B2D01F27716900675435 /* AppDelegate.swift */; };
		7666B2D81F27716900675435 /* Assets.xcassets in Resources */ = {isa = PBXBuildFile; fileRef = 7666B2D71F27716900675435 /* Assets.xcassets */; };
		7666B2DB1F27716900675435 /* LaunchScreen.storyboard in Resources */ = {isa = PBXBuildFile; fileRef = 7666B2D91F27716900675435 /* LaunchScreen.storyboard */; };
		767A91EB1F60357B006BEACC /* Actuators.storyboard in Resources */ = {isa = PBXBuildFile; fileRef = 767A91EA1F60357B006BEACC /* Actuators.storyboard */; };
		767A91ED1F60359E006BEACC /* ActuatorVC.swift in Sources */ = {isa = PBXBuildFile; fileRef = 767A91EC1F60359E006BEACC /* ActuatorVC.swift */; };
		767A91EF1F6035B2006BEACC /* Actuator.swift in Sources */ = {isa = PBXBuildFile; fileRef = 767A91EE1F6035B2006BEACC /* Actuator.swift */; };
		767A91F31F62DEEA006BEACC /* observationsFromSSP.json in Resources */ = {isa = PBXBuildFile; fileRef = 767A91F01F62DEEA006BEACC /* observationsFromSSP.json */; };
		767A91F41F62DEEA006BEACC /* listOfDevicesFromSSP.json in Resources */ = {isa = PBXBuildFile; fileRef = 767A91F11F62DEEA006BEACC /* listOfDevicesFromSSP.json */; };
		767A91F51F62DEEA006BEACC /* listOfDevicesFromCloud.json in Resources */ = {isa = PBXBuildFile; fileRef = 767A91F21F62DEEA006BEACC /* listOfDevicesFromCloud.json */; };
		767A91F71F682255006BEACC /* ActuatorTableViewCell.swift in Sources */ = {isa = PBXBuildFile; fileRef = 767A91F61F682255006BEACC /* ActuatorTableViewCell.swift */; };
		767A91F91F6969E2006BEACC /* ActuatorsValue.swift in Sources */ = {isa = PBXBuildFile; fileRef = 767A91F81F6969E2006BEACC /* ActuatorsValue.swift */; };
		768B56071F28C7AC00E8D075 /* SearchDevices.storyboard in Resources */ = {isa = PBXBuildFile; fileRef = 768B56061F28C7AC00E8D075 /* SearchDevices.storyboard */; };
		768B56091F28C7EA00E8D075 /* SearchDevicesVC.swift in Sources */ = {isa = PBXBuildFile; fileRef = 768B56081F28C7EA00E8D075 /* SearchDevicesVC.swift */; };
		768B560C1F29D1B200E8D075 /* Main.storyboard in Resources */ = {isa = PBXBuildFile; fileRef = 768B560B1F29D1B200E8D075 /* Main.storyboard */; };
		769C82651F70DF4100139A9C /* Settings.storyboard in Resources */ = {isa = PBXBuildFile; fileRef = 769C82641F70DF4100139A9C /* Settings.storyboard */; };
		769C82671F70DF5B00139A9C /* SettingsVC.swift in Sources */ = {isa = PBXBuildFile; fileRef = 769C82661F70DF5B00139A9C /* SettingsVC.swift */; };
		769C82691F70E20D00139A9C /* SettingsManager.swift in Sources */ = {isa = PBXBuildFile; fileRef = 769C82681F70E20D00139A9C /* SettingsManager.swift */; };
		769C826B1F70E2DE00139A9C /* GlobalSettingsContainer.swift in Sources */ = {isa = PBXBuildFile; fileRef = 769C826A1F70E2DE00139A9C /* GlobalSettingsContainer.swift */; };
		76D2D6131F91042900677088 /* SymAgent.framework in Frameworks */ = {isa = PBXBuildFile; fileRef = 76D2D6121F91042900677088 /* SymAgent.framework */; };
		76D2D6141F91042900677088 /* SymAgent.framework in Embed Frameworks */ = {isa = PBXBuildFile; fileRef = 76D2D6121F91042900677088 /* SymAgent.framework */; settings = {ATTRIBUTES = (CodeSignOnCopy, RemoveHeadersOnCopy, ); }; };
		EEF88BDC63FE38CBD748549B /* Pods_SSPApp.framework in Frameworks */ = {isa = PBXBuildFile; fileRef = 3B4D6CB0A2C850EEF642ED40 /* Pods_SSPApp.framework */; };
/* End PBXBuildFile section */

/* Begin PBXCopyFilesBuildPhase section */
		76D2D6151F91042900677088 /* Embed Frameworks */ = {
			isa = PBXCopyFilesBuildPhase;
			buildActionMask = 2147483647;
			dstPath = "";
			dstSubfolderSpec = 10;
			files = (
				76D2D6141F91042900677088 /* SymAgent.framework in Embed Frameworks */,
			);
			name = "Embed Frameworks";
			runOnlyForDeploymentPostprocessing = 0;
		};
/* End PBXCopyFilesBuildPhase section */

/* Begin PBXFileReference section */
		0E145EF66D1388416029A728 /* Pods-SSPApp.release.xcconfig */ = {isa = PBXFileReference; includeInIndex = 1; lastKnownFileType = text.xcconfig; name = "Pods-SSPApp.release.xcconfig"; path = "Pods/Target Support Files/Pods-SSPApp/Pods-SSPApp.release.xcconfig"; sourceTree = "<group>"; };
		3B4D6CB0A2C850EEF642ED40 /* Pods_SSPApp.framework */ = {isa = PBXFileReference; explicitFileType = wrapper.framework; includeInIndex = 0; path = Pods_SSPApp.framework; sourceTree = BUILT_PRODUCTS_DIR; };
		76162ECB1F2892040043285D /* MainViewController.swift */ = {isa = PBXFileReference; fileEncoding = 4; lastKnownFileType = sourcecode.swift; name = MainViewController.swift; path = Views/Main/MainViewController.swift; sourceTree = "<group>"; };
		76162ECE1F28923A0043285D /* Drawer.storyboard */ = {isa = PBXFileReference; fileEncoding = 4; lastKnownFileType = file.storyboard; name = Drawer.storyboard; path = Views/Drawer/Drawer.storyboard; sourceTree = "<group>"; };
		76162ECF1F28923A0043285D /* DrawerMenuTableVC.swift */ = {isa = PBXFileReference; fileEncoding = 4; lastKnownFileType = sourcecode.swift; name = DrawerMenuTableVC.swift; path = Views/Drawer/DrawerMenuTableVC.swift; sourceTree = "<group>"; };
		76162ED01F28923A0043285D /* TableViewControllerWithDrawerMenu.swift */ = {isa = PBXFileReference; fileEncoding = 4; lastKnownFileType = sourcecode.swift; name = TableViewControllerWithDrawerMenu.swift; path = Views/Drawer/TableViewControllerWithDrawerMenu.swift; sourceTree = "<group>"; };
		76162ED11F28923A0043285D /* ViewControllerWithDrawerMenu.swift */ = {isa = PBXFileReference; fileEncoding = 4; lastKnownFileType = sourcecode.swift; name = ViewControllerWithDrawerMenu.swift; path = Views/Drawer/ViewControllerWithDrawerMenu.swift; sourceTree = "<group>"; };
		76162ED71F2892530043285D /* DetailViewController.swift */ = {isa = PBXFileReference; fileEncoding = 4; lastKnownFileType = sourcecode.swift; name = DetailViewController.swift; path = Views/DevicesList/DetailViewController.swift; sourceTree = "<group>"; };
		76162ED81F2892530043285D /* DevicesList.storyboard */ = {isa = PBXFileReference; fileEncoding = 4; lastKnownFileType = file.storyboard; name = DevicesList.storyboard; path = Views/DevicesList/DevicesList.storyboard; sourceTree = "<group>"; };
		76162ED91F2892530043285D /* MasterViewController.swift */ = {isa = PBXFileReference; fileEncoding = 4; lastKnownFileType = sourcecode.swift; name = MasterViewController.swift; path = Views/DevicesList/MasterViewController.swift; sourceTree = "<group>"; };
		76162EDE1F2892B20043285D /* SmartDevice.swift */ = {isa = PBXFileReference; fileEncoding = 4; lastKnownFileType = sourcecode.swift; name = SmartDevice.swift; path = Models/SmartDevice.swift; sourceTree = "<group>"; };
		76162EE11F2892F60043285D /* SearchDevicesManager.swift */ = {isa = PBXFileReference; fileEncoding = 4; lastKnownFileType = sourcecode.swift; name = SearchDevicesManager.swift; path = DataManagers/SearchDevicesManager.swift; sourceTree = "<group>"; };
		76162EE41F2893390043285D /* Constants.swift */ = {isa = PBXFileReference; fileEncoding = 4; lastKnownFileType = sourcecode.swift; name = Constants.swift; path = Common/Constants.swift; sourceTree = "<group>"; };
		76162EE51F2893390043285D /* Logger.swift */ = {isa = PBXFileReference; fileEncoding = 4; lastKnownFileType = sourcecode.swift; name = Logger.swift; path = Common/Logger.swift; sourceTree = "<group>"; };
		76162EE61F2893390043285D /* NotificationCenter+names.swift */ = {isa = PBXFileReference; fileEncoding = 4; lastKnownFileType = sourcecode.swift; name = "NotificationCenter+names.swift"; path = "Common/NotificationCenter+names.swift"; sourceTree = "<group>"; };
		76162EE71F2893390043285D /* NotificationInfo.swift */ = {isa = PBXFileReference; fileEncoding = 4; lastKnownFileType = sourcecode.swift; name = NotificationInfo.swift; path = Common/NotificationInfo.swift; sourceTree = "<group>"; };
		762C4B201F3B2C1E0052E7D3 /* SSPColors.swift */ = {isa = PBXFileReference; fileEncoding = 4; lastKnownFileType = sourcecode.swift; name = SSPColors.swift; path = Common/SSPColors.swift; sourceTree = "<group>"; };
		763138031F30B4F7007A34E9 /* DevicesListVC.swift */ = {isa = PBXFileReference; fileEncoding = 4; lastKnownFileType = sourcecode.swift; name = DevicesListVC.swift; path = Views/SearchDevices/DevicesListVC.swift; sourceTree = "<group>"; };
		763138051F30B863007A34E9 /* DeviceDetailsVC.swift */ = {isa = PBXFileReference; fileEncoding = 4; lastKnownFileType = sourcecode.swift; name = DeviceDetailsVC.swift; path = Views/SearchDevices/DeviceDetailsVC.swift; sourceTree = "<group>"; };
		763138071F34A7F1007A34E9 /* DevicesCombinedVC.swift */ = {isa = PBXFileReference; fileEncoding = 4; lastKnownFileType = sourcecode.swift; name = DevicesCombinedVC.swift; path = Views/SearchDevices/DevicesCombinedVC.swift; sourceTree = "<group>"; };
		76486BDB1F4D6DC500D9702D /* DeviceTableViewCell.swift */ = {isa = PBXFileReference; fileEncoding = 4; lastKnownFileType = sourcecode.swift; name = DeviceTableViewCell.swift; path = Views/SearchDevices/DeviceTableViewCell.swift; sourceTree = "<group>"; };
		76486BDE1F4D832D00D9702D /* Observations.storyboard */ = {isa = PBXFileReference; fileEncoding = 4; lastKnownFileType = file.storyboard; name = Observations.storyboard; path = Views/Observations/Observations.storyboard; sourceTree = "<group>"; };
		76486BE01F4D835C00D9702D /* ObservationsVC.swift */ = {isa = PBXFileReference; fileEncoding = 4; lastKnownFileType = sourcecode.swift; name = ObservationsVC.swift; path = Views/Observations/ObservationsVC.swift; sourceTree = "<group>"; };
		76486BE21F4D84BF00D9702D /* Observation.swift */ = {isa = PBXFileReference; fileEncoding = 4; lastKnownFileType = sourcecode.swift; name = Observation.swift; path = Models/Observation.swift; sourceTree = "<group>"; };
		76486BE41F4D84CF00D9702D /* ObservationsManager.swift */ = {isa = PBXFileReference; fileEncoding = 4; lastKnownFileType = sourcecode.swift; name = ObservationsManager.swift; path = DataManagers/ObservationsManager.swift; sourceTree = "<group>"; };
		76486BE71F4D979200D9702D /* observations.json */ = {isa = PBXFileReference; fileEncoding = 4; lastKnownFileType = text.json; name = observations.json; path = ../../tmp_tests/observations.json; sourceTree = "<group>"; };
		76486BE91F4D9DEA00D9702D /* ObservationLocation.swift */ = {isa = PBXFileReference; fileEncoding = 4; lastKnownFileType = sourcecode.swift; name = ObservationLocation.swift; path = Models/ObservationLocation.swift; sourceTree = "<group>"; };
		76486BEB1F4D9E0000D9702D /* ObservationValue.swift */ = {isa = PBXFileReference; fileEncoding = 4; lastKnownFileType = sourcecode.swift; name = ObservationValue.swift; path = Models/ObservationValue.swift; sourceTree = "<group>"; };
		76486BED1F4DCD2B00D9702D /* ObservationTableViewCell.swift */ = {isa = PBXFileReference; fileEncoding = 4; lastKnownFileType = sourcecode.swift; name = ObservationTableViewCell.swift; path = Views/Observations/ObservationTableViewCell.swift; sourceTree = "<group>"; };
		76486BEF1F4EBA5B00D9702D /* ObservationsChartVC.swift */ = {isa = PBXFileReference; fileEncoding = 4; lastKnownFileType = sourcecode.swift; name = ObservationsChartVC.swift; path = Views/Observations/ObservationsChartVC.swift; sourceTree = "<group>"; };
		76486BF21F4EEAF800D9702D /* DateTime.swift */ = {isa = PBXFileReference; fileEncoding = 4; lastKnownFileType = sourcecode.swift; name = DateTime.swift; path = Common/DateTime.swift; sourceTree = "<group>"; };
		76486BF41F4EED9600D9702D /* DrawerOption.swift */ = {isa = PBXFileReference; fileEncoding = 4; lastKnownFileType = sourcecode.swift; name = DrawerOption.swift; path = Views/Drawer/DrawerOption.swift; sourceTree = "<group>"; };
		76486BF61F4EEE6B00D9702D /* NavigationProtocol.swift */ = {isa = PBXFileReference; fileEncoding = 4; lastKnownFileType = sourcecode.swift; name = NavigationProtocol.swift; path = Views/Drawer/NavigationProtocol.swift; sourceTree = "<group>"; };
		7653D2AD1F6BF897004B3235 /* ActuatorManager.swift */ = {isa = PBXFileReference; fileEncoding = 4; lastKnownFileType = sourcecode.swift; name = ActuatorManager.swift; path = DataManagers/ActuatorManager.swift; sourceTree = "<group>"; };
		7666B2CD1F27716900675435 /* SSPApp.app */ = {isa = PBXFileReference; explicitFileType = wrapper.application; includeInIndex = 0; path = SSPApp.app; sourceTree = BUILT_PRODUCTS_DIR; };
		7666B2D01F27716900675435 /* AppDelegate.swift */ = {isa = PBXFileReference; lastKnownFileType = sourcecode.swift; path = AppDelegate.swift; sourceTree = "<group>"; };
		7666B2D71F27716900675435 /* Assets.xcassets */ = {isa = PBXFileReference; lastKnownFileType = folder.assetcatalog; path = Assets.xcassets; sourceTree = "<group>"; };
		7666B2DA1F27716900675435 /* Base */ = {isa = PBXFileReference; lastKnownFileType = file.storyboard; name = Base; path = Base.lproj/LaunchScreen.storyboard; sourceTree = "<group>"; };
		7666B2DC1F27716900675435 /* Info.plist */ = {isa = PBXFileReference; lastKnownFileType = text.plist.xml; path = Info.plist; sourceTree = "<group>"; };
		767A91EA1F60357B006BEACC /* Actuators.storyboard */ = {isa = PBXFileReference; fileEncoding = 4; lastKnownFileType = file.storyboard; name = Actuators.storyboard; path = Views/Actuators/Actuators.storyboard; sourceTree = "<group>"; };
		767A91EC1F60359E006BEACC /* ActuatorVC.swift */ = {isa = PBXFileReference; fileEncoding = 4; lastKnownFileType = sourcecode.swift; name = ActuatorVC.swift; path = Views/Actuators/ActuatorVC.swift; sourceTree = "<group>"; };
		767A91EE1F6035B2006BEACC /* Actuator.swift */ = {isa = PBXFileReference; fileEncoding = 4; lastKnownFileType = sourcecode.swift; name = Actuator.swift; path = Models/Actuator.swift; sourceTree = "<group>"; };
		767A91F01F62DEEA006BEACC /* observationsFromSSP.json */ = {isa = PBXFileReference; fileEncoding = 4; lastKnownFileType = text.json; name = observationsFromSSP.json; path = ../../tmp_tests/observationsFromSSP.json; sourceTree = "<group>"; };
		767A91F11F62DEEA006BEACC /* listOfDevicesFromSSP.json */ = {isa = PBXFileReference; fileEncoding = 4; lastKnownFileType = text.json; name = listOfDevicesFromSSP.json; path = ../../tmp_tests/listOfDevicesFromSSP.json; sourceTree = "<group>"; };
		767A91F21F62DEEA006BEACC /* listOfDevicesFromCloud.json */ = {isa = PBXFileReference; fileEncoding = 4; lastKnownFileType = text.json; name = listOfDevicesFromCloud.json; path = ../../tmp_tests/listOfDevicesFromCloud.json; sourceTree = "<group>"; };
		767A91F61F682255006BEACC /* ActuatorTableViewCell.swift */ = {isa = PBXFileReference; fileEncoding = 4; lastKnownFileType = sourcecode.swift; name = ActuatorTableViewCell.swift; path = Views/Actuators/ActuatorTableViewCell.swift; sourceTree = "<group>"; };
		767A91F81F6969E2006BEACC /* ActuatorsValue.swift */ = {isa = PBXFileReference; fileEncoding = 4; lastKnownFileType = sourcecode.swift; name = ActuatorsValue.swift; path = Models/ActuatorsValue.swift; sourceTree = "<group>"; };
		768B56061F28C7AC00E8D075 /* SearchDevices.storyboard */ = {isa = PBXFileReference; fileEncoding = 4; lastKnownFileType = file.storyboard; name = SearchDevices.storyboard; path = Views/SearchDevices/SearchDevices.storyboard; sourceTree = "<group>"; };
		768B56081F28C7EA00E8D075 /* SearchDevicesVC.swift */ = {isa = PBXFileReference; fileEncoding = 4; lastKnownFileType = sourcecode.swift; name = SearchDevicesVC.swift; path = Views/SearchDevices/SearchDevicesVC.swift; sourceTree = "<group>"; };
		768B560B1F29D1B200E8D075 /* Main.storyboard */ = {isa = PBXFileReference; fileEncoding = 4; lastKnownFileType = file.storyboard; name = Main.storyboard; path = Views/Main/Main.storyboard; sourceTree = "<group>"; };
		769C82641F70DF4100139A9C /* Settings.storyboard */ = {isa = PBXFileReference; fileEncoding = 4; lastKnownFileType = file.storyboard; name = Settings.storyboard; path = Views/Settings/Settings.storyboard; sourceTree = "<group>"; };
		769C82661F70DF5B00139A9C /* SettingsVC.swift */ = {isa = PBXFileReference; fileEncoding = 4; lastKnownFileType = sourcecode.swift; name = SettingsVC.swift; path = Views/Settings/SettingsVC.swift; sourceTree = "<group>"; };
		769C82681F70E20D00139A9C /* SettingsManager.swift */ = {isa = PBXFileReference; fileEncoding = 4; lastKnownFileType = sourcecode.swift; name = SettingsManager.swift; path = DataManagers/SettingsManager.swift; sourceTree = "<group>"; };
		769C826A1F70E2DE00139A9C /* GlobalSettingsContainer.swift */ = {isa = PBXFileReference; fileEncoding = 4; lastKnownFileType = sourcecode.swift; name = GlobalSettingsContainer.swift; path = Models/GlobalSettingsContainer.swift; sourceTree = "<group>"; };
		76D2D6121F91042900677088 /* SymAgent.framework */ = {isa = PBXFileReference; explicitFileType = wrapper.framework; path = SymAgent.framework; sourceTree = BUILT_PRODUCTS_DIR; };
		9EBCCB6CCEC240CBD7C93E95 /* Pods-SSPApp.debug.xcconfig */ = {isa = PBXFileReference; includeInIndex = 1; lastKnownFileType = text.xcconfig; name = "Pods-SSPApp.debug.xcconfig"; path = "Pods/Target Support Files/Pods-SSPApp/Pods-SSPApp.debug.xcconfig"; sourceTree = "<group>"; };
/* End PBXFileReference section */

/* Begin PBXFrameworksBuildPhase section */
		7666B2CA1F27716900675435 /* Frameworks */ = {
			isa = PBXFrameworksBuildPhase;
			buildActionMask = 2147483647;
			files = (
				76D2D6131F91042900677088 /* SymAgent.framework in Frameworks */,
				EEF88BDC63FE38CBD748549B /* Pods_SSPApp.framework in Frameworks */,
			);
			runOnlyForDeploymentPostprocessing = 0;
		};
/* End PBXFrameworksBuildPhase section */

/* Begin PBXGroup section */
		76162EC81F2780910043285D /* Views */ = {
			isa = PBXGroup;
			children = (
				767A91E91F603544006BEACC /* Actuators */,
				768B56051F28C78100E8D075 /* SearchDevices */,
				76486BDD1F4D829500D9702D /* Observations */,
				76162ED61F2892410043285D /* DevicesList */,
				76162ECD1F2892220043285D /* Drawer */,
				76162EC91F2780A30043285D /* Main */,
				769C82631F70DEDF00139A9C /* Settings */,
			);
			name = Views;
			sourceTree = "<group>";
		};
		76162EC91F2780A30043285D /* Main */ = {
			isa = PBXGroup;
			children = (
				768B560B1F29D1B200E8D075 /* Main.storyboard */,
				76162ECB1F2892040043285D /* MainViewController.swift */,
			);
			name = Main;
			sourceTree = "<group>";
		};
		76162ECD1F2892220043285D /* Drawer */ = {
			isa = PBXGroup;
			children = (
				76162ECE1F28923A0043285D /* Drawer.storyboard */,
				76162ECF1F28923A0043285D /* DrawerMenuTableVC.swift */,
				76162ED01F28923A0043285D /* TableViewControllerWithDrawerMenu.swift */,
				76162ED11F28923A0043285D /* ViewControllerWithDrawerMenu.swift */,
				76486BF41F4EED9600D9702D /* DrawerOption.swift */,
				76486BF61F4EEE6B00D9702D /* NavigationProtocol.swift */,
			);
			name = Drawer;
			sourceTree = "<group>";
		};
		76162ED61F2892410043285D /* DevicesList */ = {
			isa = PBXGroup;
			children = (
				76162ED71F2892530043285D /* DetailViewController.swift */,
				76162ED81F2892530043285D /* DevicesList.storyboard */,
				76162ED91F2892530043285D /* MasterViewController.swift */,
			);
			name = DevicesList;
			sourceTree = "<group>";
		};
		76162EDD1F2892A50043285D /* Models */ = {
			isa = PBXGroup;
			children = (
				76162EDE1F2892B20043285D /* SmartDevice.swift */,
				76486BE21F4D84BF00D9702D /* Observation.swift */,
				76486BE91F4D9DEA00D9702D /* ObservationLocation.swift */,
				76486BEB1F4D9E0000D9702D /* ObservationValue.swift */,
				767A91EE1F6035B2006BEACC /* Actuator.swift */,
				767A91F81F6969E2006BEACC /* ActuatorsValue.swift */,
				769C826A1F70E2DE00139A9C /* GlobalSettingsContainer.swift */,
			);
			name = Models;
			sourceTree = "<group>";
		};
		76162EE01F2892E90043285D /* DataManagers */ = {
			isa = PBXGroup;
			children = (
				76162EE11F2892F60043285D /* SearchDevicesManager.swift */,
				76486BE41F4D84CF00D9702D /* ObservationsManager.swift */,
				7653D2AD1F6BF897004B3235 /* ActuatorManager.swift */,
				769C82681F70E20D00139A9C /* SettingsManager.swift */,
			);
			name = DataManagers;
			sourceTree = "<group>";
		};
		76162EE31F28932C0043285D /* Common */ = {
			isa = PBXGroup;
			children = (
				76162EE41F2893390043285D /* Constants.swift */,
				76162EE51F2893390043285D /* Logger.swift */,
				76162EE61F2893390043285D /* NotificationCenter+names.swift */,
				76162EE71F2893390043285D /* NotificationInfo.swift */,
				762C4B201F3B2C1E0052E7D3 /* SSPColors.swift */,
				76486BF21F4EEAF800D9702D /* DateTime.swift */,
			);
			name = Common;
			sourceTree = "<group>";
		};
		76486BDD1F4D829500D9702D /* Observations */ = {
			isa = PBXGroup;
			children = (
				76486BDE1F4D832D00D9702D /* Observations.storyboard */,
				76486BE01F4D835C00D9702D /* ObservationsVC.swift */,
				76486BED1F4DCD2B00D9702D /* ObservationTableViewCell.swift */,
				76486BEF1F4EBA5B00D9702D /* ObservationsChartVC.swift */,
			);
			name = Observations;
			sourceTree = "<group>";
		};
		76486BE61F4D977200D9702D /* assets */ = {
			isa = PBXGroup;
			children = (
				767A91F01F62DEEA006BEACC /* observationsFromSSP.json */,
				767A91F11F62DEEA006BEACC /* listOfDevicesFromSSP.json */,
				767A91F21F62DEEA006BEACC /* listOfDevicesFromCloud.json */,
				76486BE71F4D979200D9702D /* observations.json */,
			);
			name = assets;
			sourceTree = "<group>";
		};
		7666B2C41F27716900675435 = {
			isa = PBXGroup;
			children = (
				76D2D6121F91042900677088 /* SymAgent.framework */,
				7666B2CF1F27716900675435 /* SSPApp */,
				768B56011F28A5DC00E8D075 /* Extensions */,
				7666B2CE1F27716900675435 /* Products */,
				A9E3D6F10F6F53B96FF1B0AA /* Pods */,
				B6A084357F55C20DE9CACBA6 /* Frameworks */,
			);
			sourceTree = "<group>";
		};
		7666B2CE1F27716900675435 /* Products */ = {
			isa = PBXGroup;
			children = (
				7666B2CD1F27716900675435 /* SSPApp.app */,
			);
			name = Products;
			sourceTree = "<group>";
		};
		7666B2CF1F27716900675435 /* SSPApp */ = {
			isa = PBXGroup;
			children = (
				76486BE61F4D977200D9702D /* assets */,
				76162EE31F28932C0043285D /* Common */,
				76162EE01F2892E90043285D /* DataManagers */,
				76162EDD1F2892A50043285D /* Models */,
				76162EC81F2780910043285D /* Views */,
				7666B2D01F27716900675435 /* AppDelegate.swift */,
				7666B2D71F27716900675435 /* Assets.xcassets */,
				7666B2D91F27716900675435 /* LaunchScreen.storyboard */,
				7666B2DC1F27716900675435 /* Info.plist */,
			);
			path = SSPApp;
			sourceTree = "<group>";
		};
		767A91E91F603544006BEACC /* Actuators */ = {
			isa = PBXGroup;
			children = (
				767A91EA1F60357B006BEACC /* Actuators.storyboard */,
				767A91EC1F60359E006BEACC /* ActuatorVC.swift */,
				767A91F61F682255006BEACC /* ActuatorTableViewCell.swift */,
			);
			name = Actuators;
			sourceTree = "<group>";
		};
		768B56011F28A5DC00E8D075 /* Extensions */ = {
			isa = PBXGroup;
			children = (
			);
			name = Extensions;
			sourceTree = "<group>";
		};
		768B56051F28C78100E8D075 /* SearchDevices */ = {
			isa = PBXGroup;
			children = (
				768B56061F28C7AC00E8D075 /* SearchDevices.storyboard */,
				768B56081F28C7EA00E8D075 /* SearchDevicesVC.swift */,
				763138031F30B4F7007A34E9 /* DevicesListVC.swift */,
				763138051F30B863007A34E9 /* DeviceDetailsVC.swift */,
				763138071F34A7F1007A34E9 /* DevicesCombinedVC.swift */,
				76486BDB1F4D6DC500D9702D /* DeviceTableViewCell.swift */,
			);
			name = SearchDevices;
			sourceTree = "<group>";
		};
		769C82631F70DEDF00139A9C /* Settings */ = {
			isa = PBXGroup;
			children = (
				769C82641F70DF4100139A9C /* Settings.storyboard */,
				769C82661F70DF5B00139A9C /* SettingsVC.swift */,
			);
			name = Settings;
			sourceTree = "<group>";
		};
		A9E3D6F10F6F53B96FF1B0AA /* Pods */ = {
			isa = PBXGroup;
			children = (
				9EBCCB6CCEC240CBD7C93E95 /* Pods-SSPApp.debug.xcconfig */,
				0E145EF66D1388416029A728 /* Pods-SSPApp.release.xcconfig */,
			);
			name = Pods;
			sourceTree = "<group>";
		};
		B6A084357F55C20DE9CACBA6 /* Frameworks */ = {
			isa = PBXGroup;
			children = (
				3B4D6CB0A2C850EEF642ED40 /* Pods_SSPApp.framework */,
			);
			name = Frameworks;
			sourceTree = "<group>";
		};
/* End PBXGroup section */

/* Begin PBXNativeTarget section */
		7666B2CC1F27716900675435 /* SSPApp */ = {
			isa = PBXNativeTarget;
			buildConfigurationList = 7666B2DF1F27716900675435 /* Build configuration list for PBXNativeTarget "SSPApp" */;
			buildPhases = (
				B38BE3E5755EB3DAD5E4D880 /* [CP] Check Pods Manifest.lock */,
				7666B2C91F27716900675435 /* Sources */,
				7666B2CA1F27716900675435 /* Frameworks */,
				7666B2CB1F27716900675435 /* Resources */,
				1F4557ECC01B98450C9C7A74 /* [CP] Embed Pods Frameworks */,
				8C42955AEC07FE0BFBA5B013 /* [CP] Copy Pods Resources */,
				76D2D6151F91042900677088 /* Embed Frameworks */,
			);
			buildRules = (
			);
			dependencies = (
			);
			name = SSPApp;
			productName = SSPApp;
			productReference = 7666B2CD1F27716900675435 /* SSPApp.app */;
			productType = "com.apple.product-type.application";
		};
/* End PBXNativeTarget section */

/* Begin PBXProject section */
		7666B2C51F27716900675435 /* Project object */ = {
			isa = PBXProject;
			attributes = {
				LastSwiftUpdateCheck = 0830;
				LastUpgradeCheck = 0830;
				ORGANIZATIONNAME = PSNC;
				TargetAttributes = {
					7666B2CC1F27716900675435 = {
						CreatedOnToolsVersion = 8.3;
						DevelopmentTeam = W9AYBK7AF4;
						ProvisioningStyle = Automatic;
					};
				};
			};
			buildConfigurationList = 7666B2C81F27716900675435 /* Build configuration list for PBXProject "SSPApp" */;
			compatibilityVersion = "Xcode 8.0";
			developmentRegion = English;
			hasScannedForEncodings = 0;
			knownRegions = (
				en,
				Base,
			);
			mainGroup = 7666B2C41F27716900675435;
			productRefGroup = 7666B2CE1F27716900675435 /* Products */;
			projectDirPath = "";
			projectRoot = "";
			targets = (
				7666B2CC1F27716900675435 /* SSPApp */,
			);
		};
/* End PBXProject section */

/* Begin PBXResourcesBuildPhase section */
		7666B2CB1F27716900675435 /* Resources */ = {
			isa = PBXResourcesBuildPhase;
			buildActionMask = 2147483647;
			files = (
				76486BE81F4D979200D9702D /* observations.json in Resources */,
				7666B2DB1F27716900675435 /* LaunchScreen.storyboard in Resources */,
				767A91EB1F60357B006BEACC /* Actuators.storyboard in Resources */,
				767A91F31F62DEEA006BEACC /* observationsFromSSP.json in Resources */,
				767A91F41F62DEEA006BEACC /* listOfDevicesFromSSP.json in Resources */,
				76162ED21F28923A0043285D /* Drawer.storyboard in Resources */,
				7666B2D81F27716900675435 /* Assets.xcassets in Resources */,
				76486BDF1F4D832D00D9702D /* Observations.storyboard in Resources */,
				768B560C1F29D1B200E8D075 /* Main.storyboard in Resources */,
				768B56071F28C7AC00E8D075 /* SearchDevices.storyboard in Resources */,
				767A91F51F62DEEA006BEACC /* listOfDevicesFromCloud.json in Resources */,
				769C82651F70DF4100139A9C /* Settings.storyboard in Resources */,
				76162EDB1F2892530043285D /* DevicesList.storyboard in Resources */,
			);
			runOnlyForDeploymentPostprocessing = 0;
		};
/* End PBXResourcesBuildPhase section */

/* Begin PBXShellScriptBuildPhase section */
		1F4557ECC01B98450C9C7A74 /* [CP] Embed Pods Frameworks */ = {
			isa = PBXShellScriptBuildPhase;
			buildActionMask = 2147483647;
			files = (
			);
			inputPaths = (
			);
			name = "[CP] Embed Pods Frameworks";
			outputPaths = (
			);
			runOnlyForDeploymentPostprocessing = 0;
			shellPath = /bin/sh;
			shellScript = "\"${SRCROOT}/Pods/Target Support Files/Pods-SSPApp/Pods-SSPApp-frameworks.sh\"\n";
			showEnvVarsInLog = 0;
		};
		8C42955AEC07FE0BFBA5B013 /* [CP] Copy Pods Resources */ = {
			isa = PBXShellScriptBuildPhase;
			buildActionMask = 2147483647;
			files = (
			);
			inputPaths = (
			);
			name = "[CP] Copy Pods Resources";
			outputPaths = (
			);
			runOnlyForDeploymentPostprocessing = 0;
			shellPath = /bin/sh;
			shellScript = "\"${SRCROOT}/Pods/Target Support Files/Pods-SSPApp/Pods-SSPApp-resources.sh\"\n";
			showEnvVarsInLog = 0;
		};
		B38BE3E5755EB3DAD5E4D880 /* [CP] Check Pods Manifest.lock */ = {
			isa = PBXShellScriptBuildPhase;
			buildActionMask = 2147483647;
			files = (
			);
			inputPaths = (
			);
			name = "[CP] Check Pods Manifest.lock";
			outputPaths = (
			);
			runOnlyForDeploymentPostprocessing = 0;
			shellPath = /bin/sh;
			shellScript = "diff \"${PODS_ROOT}/../Podfile.lock\" \"${PODS_ROOT}/Manifest.lock\" > /dev/null\nif [ $? != 0 ] ; then\n    # print error to STDERR\n    echo \"error: The sandbox is not in sync with the Podfile.lock. Run 'pod install' or update your CocoaPods installation.\" >&2\n    exit 1\nfi\n";
			showEnvVarsInLog = 0;
		};
/* End PBXShellScriptBuildPhase section */

/* Begin PBXSourcesBuildPhase section */
		7666B2C91F27716900675435 /* Sources */ = {
			isa = PBXSourcesBuildPhase;
			buildActionMask = 2147483647;
			files = (
				762C4B211F3B2C1E0052E7D3 /* SSPColors.swift in Sources */,
				767A91EF1F6035B2006BEACC /* Actuator.swift in Sources */,
				76486BEE1F4DCD2B00D9702D /* ObservationTableViewCell.swift in Sources */,
				767A91F91F6969E2006BEACC /* ActuatorsValue.swift in Sources */,
				763138041F30B4F8007A34E9 /* DevicesListVC.swift in Sources */,
				76162ED51F28923A0043285D /* ViewControllerWithDrawerMenu.swift in Sources */,
				76486BF01F4EBA5B00D9702D /* ObservationsChartVC.swift in Sources */,
				76162EE91F2893390043285D /* Logger.swift in Sources */,
				769C82691F70E20D00139A9C /* SettingsManager.swift in Sources */,
				76486BEA1F4D9DEA00D9702D /* ObservationLocation.swift in Sources */,
				767A91ED1F60359E006BEACC /* ActuatorVC.swift in Sources */,
				7653D2AE1F6BF897004B3235 /* ActuatorManager.swift in Sources */,
				76486BE51F4D84CF00D9702D /* ObservationsManager.swift in Sources */,
				7666B2D11F27716900675435 /* AppDelegate.swift in Sources */,
				763138081F34A7F1007A34E9 /* DevicesCombinedVC.swift in Sources */,
				76162ED31F28923A0043285D /* DrawerMenuTableVC.swift in Sources */,
				76162EEA1F2893390043285D /* NotificationCenter+names.swift in Sources */,
				76486BEC1F4D9E0000D9702D /* ObservationValue.swift in Sources */,
				76162EDA1F2892530043285D /* DetailViewController.swift in Sources */,
				76162ECC1F2892040043285D /* MainViewController.swift in Sources */,
				76486BE31F4D84BF00D9702D /* Observation.swift in Sources */,
				76486BF31F4EEAF800D9702D /* DateTime.swift in Sources */,
				76486BF71F4EEE6B00D9702D /* NavigationProtocol.swift in Sources */,
				76162EE81F2893390043285D /* Constants.swift in Sources */,
				76486BDC1F4D6DC500D9702D /* DeviceTableViewCell.swift in Sources */,
				76162EEB1F2893390043285D /* NotificationInfo.swift in Sources */,
				76162EE21F2892F60043285D /* SearchDevicesManager.swift in Sources */,
				76162EDC1F2892530043285D /* MasterViewController.swift in Sources */,
				76486BE11F4D835C00D9702D /* ObservationsVC.swift in Sources */,
				76162ED41F28923A0043285D /* TableViewControllerWithDrawerMenu.swift in Sources */,
				768B56091F28C7EA00E8D075 /* SearchDevicesVC.swift in Sources */,
				767A91F71F682255006BEACC /* ActuatorTableViewCell.swift in Sources */,
				76162EDF1F2892B20043285D /* SmartDevice.swift in Sources */,
				769C826B1F70E2DE00139A9C /* GlobalSettingsContainer.swift in Sources */,
				763138061F30B863007A34E9 /* DeviceDetailsVC.swift in Sources */,
				76486BF51F4EED9600D9702D /* DrawerOption.swift in Sources */,
				769C82671F70DF5B00139A9C /* SettingsVC.swift in Sources */,
			);
			runOnlyForDeploymentPostprocessing = 0;
		};
/* End PBXSourcesBuildPhase section */

/* Begin PBXVariantGroup section */
		7666B2D91F27716900675435 /* LaunchScreen.storyboard */ = {
			isa = PBXVariantGroup;
			children = (
				7666B2DA1F27716900675435 /* Base */,
			);
			name = LaunchScreen.storyboard;
			sourceTree = "<group>";
		};
/* End PBXVariantGroup section */

/* Begin XCBuildConfiguration section */
		7666B2DD1F27716900675435 /* Debug */ = {
			isa = XCBuildConfiguration;
			buildSettings = {
				ALWAYS_SEARCH_USER_PATHS = NO;
				CLANG_ANALYZER_NONNULL = YES;
				CLANG_ANALYZER_NUMBER_OBJECT_CONVERSION = YES_AGGRESSIVE;
				CLANG_CXX_LANGUAGE_STANDARD = "gnu++0x";
				CLANG_CXX_LIBRARY = "libc++";
				CLANG_ENABLE_MODULES = YES;
				CLANG_ENABLE_OBJC_ARC = YES;
				CLANG_WARN_BOOL_CONVERSION = YES;
				CLANG_WARN_CONSTANT_CONVERSION = YES;
				CLANG_WARN_DIRECT_OBJC_ISA_USAGE = YES_ERROR;
				CLANG_WARN_DOCUMENTATION_COMMENTS = YES;
				CLANG_WARN_EMPTY_BODY = YES;
				CLANG_WARN_ENUM_CONVERSION = YES;
				CLANG_WARN_INFINITE_RECURSION = YES;
				CLANG_WARN_INT_CONVERSION = YES;
				CLANG_WARN_OBJC_ROOT_CLASS = YES_ERROR;
				CLANG_WARN_SUSPICIOUS_MOVE = YES;
				CLANG_WARN_UNREACHABLE_CODE = YES;
				CLANG_WARN__DUPLICATE_METHOD_MATCH = YES;
				"CODE_SIGN_IDENTITY[sdk=iphoneos*]" = "iPhone Developer";
				COPY_PHASE_STRIP = NO;
				DEBUG_INFORMATION_FORMAT = dwarf;
				ENABLE_STRICT_OBJC_MSGSEND = YES;
				ENABLE_TESTABILITY = YES;
				GCC_C_LANGUAGE_STANDARD = gnu99;
				GCC_DYNAMIC_NO_PIC = NO;
				GCC_NO_COMMON_BLOCKS = YES;
				GCC_OPTIMIZATION_LEVEL = 0;
				GCC_PREPROCESSOR_DEFINITIONS = (
					"DEBUG=1",
					"$(inherited)",
				);
				GCC_WARN_64_TO_32_BIT_CONVERSION = YES;
				GCC_WARN_ABOUT_RETURN_TYPE = YES_ERROR;
				GCC_WARN_UNDECLARED_SELECTOR = YES;
				GCC_WARN_UNINITIALIZED_AUTOS = YES_AGGRESSIVE;
				GCC_WARN_UNUSED_FUNCTION = YES;
				GCC_WARN_UNUSED_VARIABLE = YES;
				IPHONEOS_DEPLOYMENT_TARGET = 9.3;
				MTL_ENABLE_DEBUG_INFO = YES;
				ONLY_ACTIVE_ARCH = YES;
				SDKROOT = iphoneos;
				SWIFT_ACTIVE_COMPILATION_CONDITIONS = DEBUG;
				SWIFT_OPTIMIZATION_LEVEL = "-Onone";
				TARGETED_DEVICE_FAMILY = "1,2";
			};
			name = Debug;
		};
		7666B2DE1F27716900675435 /* Release */ = {
			isa = XCBuildConfiguration;
			buildSettings = {
				ALWAYS_SEARCH_USER_PATHS = NO;
				CLANG_ANALYZER_NONNULL = YES;
				CLANG_ANALYZER_NUMBER_OBJECT_CONVERSION = YES_AGGRESSIVE;
				CLANG_CXX_LANGUAGE_STANDARD = "gnu++0x";
				CLANG_CXX_LIBRARY = "libc++";
				CLANG_ENABLE_MODULES = YES;
				CLANG_ENABLE_OBJC_ARC = YES;
				CLANG_WARN_BOOL_CONVERSION = YES;
				CLANG_WARN_CONSTANT_CONVERSION = YES;
				CLANG_WARN_DIRECT_OBJC_ISA_USAGE = YES_ERROR;
				CLANG_WARN_DOCUMENTATION_COMMENTS = YES;
				CLANG_WARN_EMPTY_BODY = YES;
				CLANG_WARN_ENUM_CONVERSION = YES;
				CLANG_WARN_INFINITE_RECURSION = YES;
				CLANG_WARN_INT_CONVERSION = YES;
				CLANG_WARN_OBJC_ROOT_CLASS = YES_ERROR;
				CLANG_WARN_SUSPICIOUS_MOVE = YES;
				CLANG_WARN_UNREACHABLE_CODE = YES;
				CLANG_WARN__DUPLICATE_METHOD_MATCH = YES;
				"CODE_SIGN_IDENTITY[sdk=iphoneos*]" = "iPhone Developer";
				COPY_PHASE_STRIP = NO;
				DEBUG_INFORMATION_FORMAT = "dwarf-with-dsym";
				ENABLE_NS_ASSERTIONS = NO;
				ENABLE_STRICT_OBJC_MSGSEND = YES;
				GCC_C_LANGUAGE_STANDARD = gnu99;
				GCC_NO_COMMON_BLOCKS = YES;
				GCC_WARN_64_TO_32_BIT_CONVERSION = YES;
				GCC_WARN_ABOUT_RETURN_TYPE = YES_ERROR;
				GCC_WARN_UNDECLARED_SELECTOR = YES;
				GCC_WARN_UNINITIALIZED_AUTOS = YES_AGGRESSIVE;
				GCC_WARN_UNUSED_FUNCTION = YES;
				GCC_WARN_UNUSED_VARIABLE = YES;
				IPHONEOS_DEPLOYMENT_TARGET = 9.3;
				MTL_ENABLE_DEBUG_INFO = NO;
				SDKROOT = iphoneos;
				SWIFT_OPTIMIZATION_LEVEL = "-Owholemodule";
				TARGETED_DEVICE_FAMILY = "1,2";
				VALIDATE_PRODUCT = YES;
			};
			name = Release;
		};
		7666B2E01F27716900675435 /* Debug */ = {
			isa = XCBuildConfiguration;
			baseConfigurationReference = 9EBCCB6CCEC240CBD7C93E95 /* Pods-SSPApp.debug.xcconfig */;
			buildSettings = {
				ASSETCATALOG_COMPILER_APPICON_NAME = AppIcon;
				DEVELOPMENT_TEAM = 65KP3UJJWG;
				INFOPLIST_FILE = SSPApp/Info.plist;
				IPHONEOS_DEPLOYMENT_TARGET = 9.3;
				LD_RUNPATH_SEARCH_PATHS = "$(inherited) @executable_path/Frameworks";
				PRODUCT_BUNDLE_IDENTIFIER = pl.psnc.ssp;
				PRODUCT_NAME = "$(TARGET_NAME)";
				SWIFT_VERSION = 3.0;
			};
			name = Debug;
		};
		7666B2E11F27716900675435 /* Release */ = {
			isa = XCBuildConfiguration;
			baseConfigurationReference = 0E145EF66D1388416029A728 /* Pods-SSPApp.release.xcconfig */;
			buildSettings = {
				ASSETCATALOG_COMPILER_APPICON_NAME = AppIcon;
				DEVELOPMENT_TEAM = 65KP3UJJWG;
				INFOPLIST_FILE = SSPApp/Info.plist;
				IPHONEOS_DEPLOYMENT_TARGET = 9.3;
				LD_RUNPATH_SEARCH_PATHS = "$(inherited) @executable_path/Frameworks";
				PRODUCT_BUNDLE_IDENTIFIER = pl.psnc.ssp;
				PRODUCT_NAME = "$(TARGET_NAME)";
				SWIFT_VERSION = 3.0;
			};
			name = Release;
		};
/* End XCBuildConfiguration section */

/* Begin XCConfigurationList section */
		7666B2C81F27716900675435 /* Build configuration list for PBXProject "SSPApp" */ = {
			isa = XCConfigurationList;
			buildConfigurations = (
				7666B2DD1F27716900675435 /* Debug */,
				7666B2DE1F27716900675435 /* Release */,
			);
			defaultConfigurationIsVisible = 0;
			defaultConfigurationName = Release;
		};
		7666B2DF1F27716900675435 /* Build configuration list for PBXNativeTarget "SSPApp" */ = {
			isa = XCConfigurationList;
			buildConfigurations = (
				7666B2E01F27716900675435 /* Debug */,
				7666B2E11F27716900675435 /* Release */,
			);
			defaultConfigurationIsVisible = 0;
			defaultConfigurationName = Release;
		};
/* End XCConfigurationList section */
	};
	rootObject = 7666B2C51F27716900675435 /* Project object */;
}
