{
  "object": {
    "pins": [
      {
        "package": "Bits",
        "repositoryURL": "https://github.com/vapor/bits.git",
        "state": {
          "branch": null,
          "revision": "03079476b04139a8b744ad96f975176df5ae12bc",
          "version": "1.1.1"
        }
      },
      {
        "package": "Core",
        "repositoryURL": "https://github.com/vapor/core.git",
        "state": {
          "branch": null,
          "revision": "aa15871311b497a24a7f0e96b1ae6865dd600818",
          "version": "2.2.1"
        }
      },
      {
        "package": "Crypto",
        "repositoryURL": "https://github.com/vapor/crypto.git",
        "state": {
          "branch": null,
          "revision": "95e96b4d8e5c81da850db512a2fde167548f9094",
          "version": "2.1.3"
        }
      },
      {
        "package": "CTLS",
        "repositoryURL": "https://github.com/vapor/ctls.git",
        "state": {
          "branch": null,
          "revision": "fba1297f4986a4dac8b02f7ac4e84a77fd492e4c",
          "version": "1.1.3"
        }
      },
      {
        "package": "Debugging",
        "repositoryURL": "https://github.com/vapor/debugging.git",
        "state": {
          "branch": null,
          "revision": "fc5a27d6eb236141dc24e5f14eedaa2e035ae7b3",
          "version": "1.1.1"
        }
      },
      {
        "package": "EllipticCurveKeyPair",
        "repositoryURL": "https://github.com/agens-no/EllipticCurveKeyPair.git",
        "state": {
          "branch": "2.0-beta1",
          "revision": "2f5b9ca8fc2e5c57988039dcfb9cfd30d121a94f",
          "version": null
        }
      },
      {
        "package": "JSON",
        "repositoryURL": "https://github.com/vapor/json.git",
        "state": {
          "branch": null,
          "revision": "6c7ce40d30b322d45cc49a8f1d742609d3228eb7",
          "version": "2.2.2"
        }
      },
      {
        "package": "JWT",
        "repositoryURL": "https://github.com/vapor/jwt.git",
        "state": {
          "branch": "single-audience",
          "revision": "da8f9b94f505c4ae96c8bb0cc7d2955570c2c1ef",
          "version": null
        }
      },
      {
        "package": "Node",
        "repositoryURL": "https://github.com/vapor/node.git",
        "state": {
          "branch": null,
          "revision": "607aa595081da496f0f04a5c0cffd976e81d2e4e",
          "version": "2.1.5"
        }
      },
      {
        "package": "Random",
        "repositoryURL": "https://github.com/vapor/random.git",
        "state": {
          "branch": null,
          "revision": "d7c4397d125caba795d14d956efacfe2a27a63d0",
          "version": "1.2.0"
        }
      },
      {
        "package": "SwiftyJSON",
        "repositoryURL": "https://github.com/SwiftyJSON/SwiftyJSON.git",
        "state": {
          "branch": null,
          "revision": "ebfc0d7e314f15c1df02fcb198beb40624421839",
          "version": "4.1.0"
        }
      }
    ]
  },
  "version": 1
}
