PODS:
  - AsyncSwift (2.0.4)
  - SwiftyJSON (4.1.0)

DEPENDENCIES:
  - AsyncSwift
  - SwiftyJSON

SPEC CHECKSUMS:
  AsyncSwift: 65775a7b32e740609b24969ece3de58723b9dc3e
  SwiftyJSON: c29297daf073d2aa016295d5809cdd68045c39b3

PODFILE CHECKSUM: 640f7698a029a4c1c1de6db5b1b408d002309457

COCOAPODS: 1.2.0
